
Microsoft Visual Studio Solution File, Format Version 12.00
# Visual Studio 14
VisualStudioVersion = 14.0.25420.1
MinimumVisualStudioVersion = 10.0.40219.1
Project("{2150E333-8FDC-42A3-9474-1A3956D46DE8}") = "00Schemal", "00Schemal", "{0D654FEA-8FB1-47D2-A6FC-ABAD4F460A1B}"
	ProjectSection(SolutionItems) = preProject
		..\..\..\04重新后的学习资料\02各类资料整理\Spring.Net\Spring.NET-2.0.0-M1\Spring.NET\doc\schema\spring-objects-1.3.xsd = ..\..\..\04重新后的学习资料\02各类资料整理\Spring.Net\Spring.NET-2.0.0-M1\Spring.NET\doc\schema\spring-objects-1.3.xsd
	EndProjectSection
EndProject
Project("{2150E333-8FDC-42A3-9474-1A3956D46DE8}") = "01UI", "01UI", "{DCC42609-184A-460D-8778-7A8A0634064E}"
EndProject
Project("{2150E333-8FDC-42A3-9474-1A3956D46DE8}") = "02Service", "02Service", "{1EF8CA97-5594-441C-9CEE-A731B1BED388}"
EndProject
Project("{2150E333-8FDC-42A3-9474-1A3956D46DE8}") = "03Respositry", "03Respositry", "{EBC17A9A-D279-48E6-A3D9-BAA52625AB6B}"
EndProject
Project("{2150E333-8FDC-42A3-9474-1A3956D46DE8}") = "04Intrastructure", "04Intrastructure", "{FED23559-90C9-4846-8C62-AF5E1936DEB9}"
EndProject
Project("{FAE04EC0-301F-11D3-BF4B-00C04F79EFBC}") = "PMS.Model", "PMS.Model\PMS.Model.csproj", "{DB0B872A-4375-4BCB-AD18-F0EBCB0BDAE8}"
EndProject
Project("{FAE04EC0-301F-11D3-BF4B-00C04F79EFBC}") = "PMS.DALSQLSer", "PMS.DALSQLSer\PMS.DALSQLSer.csproj", "{73F24718-E616-4680-A82A-0B43FF064A85}"
EndProject
Project("{FAE04EC0-301F-11D3-BF4B-00C04F79EFBC}") = "PMS.IDAL", "PMS.IDAL\PMS.IDAL.csproj", "{9581FC4A-361D-48C9-99F7-7826DAFD992E}"
EndProject
Project("{FAE04EC0-301F-11D3-BF4B-00C04F79EFBC}") = "PMS.BLL", "PMS.BLL\PMS.BLL.csproj", "{E64C6B70-35BD-422C-9EEF-A0A2E4F4DDFB}"
	ProjectSection(ProjectDependencies) = postProject
		{5FDEF270-7864-4A6A-BC86-6F92ED2B1000} = {5FDEF270-7864-4A6A-BC86-6F92ED2B1000}
		{FDB6C18B-CD37-46A4-9366-153405A98B5F} = {FDB6C18B-CD37-46A4-9366-153405A98B5F}
	EndProjectSection
EndProject
Project("{FAE04EC0-301F-11D3-BF4B-00C04F79EFBC}") = "PMS.IBLL", "PMS.IBLL\PMS.IBLL.csproj", "{19C3C8DB-438A-47DC-B56C-5DCC7D69E318}"
EndProject
Project("{FAE04EC0-301F-11D3-BF4B-00C04F79EFBC}") = "PMS.DALFactory", "PMS.DALFactory\PMS.DALFactory.csproj", "{A0FE1F08-D413-4CD0-AAFB-45EFB2382504}"
EndProject
Project("{FAE04EC0-301F-11D3-BF4B-00C04F79EFBC}") = "SMSOA", "SMSOA\SMSOA.csproj", "{DB223E8F-1440-458F-9091-D4454463F326}"
	ProjectSection(ProjectDependencies) = postProject
		{5FDEF270-7864-4A6A-BC86-6F92ED2B1000} = {5FDEF270-7864-4A6A-BC86-6F92ED2B1000}
	EndProjectSection
EndProject
Project("{FAE04EC0-301F-11D3-BF4B-00C04F79EFBC}") = "Common", "Common\Common.csproj", "{648B0371-B409-44CF-AF78-E07E617D8828}"
EndProject
Project("{FAE04EC0-301F-11D3-BF4B-00C04F79EFBC}") = "SMSFactory", "SMSSession\SMSFactory.csproj", "{ACE327D0-A08B-431E-A422-ABAA4BA73AC7}"
	ProjectSection(ProjectDependencies) = postProject
		{5FDEF270-7864-4A6A-BC86-6F92ED2B1000} = {5FDEF270-7864-4A6A-BC86-6F92ED2B1000}
	EndProjectSection
EndProject
Project("{FAE04EC0-301F-11D3-BF4B-00C04F79EFBC}") = "SMSSendDemo", "SMSSendDemo\SMSSendDemo.csproj", "{814D29AF-A6CA-4BBD-87CE-4EF3F8EA3484}"
EndProject
Project("{FAE04EC0-301F-11D3-BF4B-00C04F79EFBC}") = "ISMS", "ISMS\ISMS.csproj", "{EA8B8C2F-3235-41DC-ABA4-17CFDF0575C7}"
EndProject
Project("{FAE04EC0-301F-11D3-BF4B-00C04F79EFBC}") = "SMSbackground", "ConsoleApplication1\SMSbackground.csproj", "{3A4DD8DC-AB42-432B-A05B-3898CA7CF88D}"
EndProject
Project("{FAE04EC0-301F-11D3-BF4B-00C04F79EFBC}") = "RedisFactory", "RedisFactory\RedisFactory.csproj", "{8DA3A1C9-F4AD-4417-B816-D5F6288B31FB}"
EndProject
Project("{FAE04EC0-301F-11D3-BF4B-00C04F79EFBC}") = "PersonImporting", "PersonImporting\PersonImporting.csproj", "{5F9D7CED-6588-4ACD-9567-1C2AE816D505}"
EndProject
Project("{FAE04EC0-301F-11D3-BF4B-00C04F79EFBC}") = "Test", "Test\Test.csproj", "{8F16722C-44CC-4222-BA81-7C4887E00C08}"
EndProject
Project("{FAE04EC0-301F-11D3-BF4B-00C04F79EFBC}") = "RecycledFactory", "RecycledFactory\RecycledFactory.csproj", "{56EC4F35-5575-471F-AB72-A2F50AD221B4}"
EndProject
Project("{FAE04EC0-301F-11D3-BF4B-00C04F79EFBC}") = "WFTest", "WFTest\WFTest.csproj", "{F984650F-3A2C-466D-B504-229141595FB1}"
EndProject
Project("{2150E333-8FDC-42A3-9474-1A3956D46DE8}") = "99Demo", "99Demo", "{89326278-7D54-4225-B412-FAB3E8A2F05C}"
EndProject
Project("{FAE04EC0-301F-11D3-BF4B-00C04F79EFBC}") = "QueryDemo", "QueryDemo\QueryDemo.csproj", "{D62F435E-60DB-4B26-B198-280E24DEE49D}"
EndProject
Project("{FAE04EC0-301F-11D3-BF4B-00C04F79EFBC}") = "SMSbackgroun_QueryHistoryRedis", "SMSbackgroun_QueryHistoryRedis\SMSbackgroun_QueryHistoryRedis.csproj", "{443EBE44-4B7D-47C0-967E-33B402CB6422}"
EndProject
Project("{FAE04EC0-301F-11D3-BF4B-00C04F79EFBC}") = "RedisDemo", "RedisDemo\RedisDemo.csproj", "{ED2A45EE-5021-41EE-8FC9-54653BF5BB11}"
EndProject
Project("{FAE04EC0-301F-11D3-BF4B-00C04F79EFBC}") = "IFactoryBLL", "IFactoryBLL\IFactoryBLL.csproj", "{7D911130-3795-46ED-BF86-AF06FCB4C1AF}"
EndProject
Project("{FAE04EC0-301F-11D3-BF4B-00C04F79EFBC}") = "WFFactory", "WFFactory\WFFactory.csproj", "{5E967A6A-2AEB-49A1-9046-9AE917659708}"
EndProject
Project("{2150E333-8FDC-42A3-9474-1A3956D46DE8}") = "05Background", "05Background", "{F601F9A0-53C2-41AC-AFBC-0C51FC34100D}"
EndProject
Project("{FAE04EC0-301F-11D3-BF4B-00C04F79EFBC}") = "QueryClient", "QueryClient\QueryClient.csproj", "{C1A96FA7-5ECF-481A-AE18-0851C8B886DA}"
EndProject
Project("{FAE04EC0-301F-11D3-BF4B-00C04F79EFBC}") = "SMSbacground_MainQuery", "SMSbacground_MainQuery\SMSbacground_MainQuery.csproj", "{B298C60F-AC9E-43E6-9025-2A52E7286289}"
EndProject
Project("{FAE04EC0-301F-11D3-BF4B-00C04F79EFBC}") = "PMS.BLLRedis", "PMS.BLLRedis\PMS.BLLRedis.csproj", "{252338DE-0E16-4E59-AC65-01BA7689D9F4}"
EndProject
Project("{FAE04EC0-301F-11D3-BF4B-00C04F79EFBC}") = "PMS.DALRedis", "PMS.DALRedis\PMS.DALRedis.csproj", "{5146E1D3-CA38-4744-AB14-E4A6BFFF33CC}"
EndProject
Project("{FAE04EC0-301F-11D3-BF4B-00C04F79EFBC}") = "SMSbackground_QueryMinor", "SMSbackground_QueryMinor\SMSbackground_QueryMinor.csproj", "{D58923B3-F6D6-4743-BB5E-2A6197EB6971}"
EndProject
Project("{2150E333-8FDC-42A3-9474-1A3956D46DE8}") = "WCF", "WCF", "{206C03F2-8E9F-4979-9929-260E773449C4}"
EndProject
Project("{FAE04EC0-301F-11D3-BF4B-00C04F79EFBC}") = "SMSFactoryServiceLib", "SMSFactoryServiceLib\SMSFactoryServiceLib.csproj", "{D2E71206-80A8-49BD-99EC-2B4AD1A2D0D0}"
EndProject
Project("{2150E333-8FDC-42A3-9474-1A3956D46DE8}") = "06WF", "06WF", "{1D168955-872E-4AE9-93CC-66233135576F}"
EndProject
Project("{FAE04EC0-301F-11D3-BF4B-00C04F79EFBC}") = "QueryWFLib", "QueryWFLib\QueryWFLib.csproj", "{73A69AE5-6D8B-4A36-A677-237259E6C96C}"
EndProject
Project("{2150E333-8FDC-42A3-9474-1A3956D46DE8}") = "WF", "WF", "{7A6DED46-0CBD-4078-B20D-9D3C720B614E}"
EndProject
Project("{FAE04EC0-301F-11D3-BF4B-00C04F79EFBC}") = "WF_Test", "WF_Test\WF_Test.csproj", "{4678177D-7BD1-42D5-86D6-512CC7AAD501}"
EndProject
Project("{2150E333-8FDC-42A3-9474-1A3956D46DE8}") = "Quartz", "Quartz", "{860852AB-7ECE-438D-9D26-023867F11D9A}"
EndProject
Project("{FAE04EC0-301F-11D3-BF4B-00C04F79EFBC}") = "QuartzDemo1", "ConsoleApplication2\QuartzDemo1.csproj", "{9A5D0B36-4E67-4C9F-82D4-56356F1D01E4}"
EndProject
Project("{FAE04EC0-301F-11D3-BF4B-00C04F79EFBC}") = "QuartzJobFactory", "QuartzJobFactory\QuartzJobFactory.csproj", "{0F928469-5038-4471-A6D4-5A2BAB75253E}"
EndProject
Project("{FAE04EC0-301F-11D3-BF4B-00C04F79EFBC}") = "QuartzDemo", "QuartzDemo\QuartzDemo.csproj", "{0F127B3B-9E9F-458B-A36F-5D4E693136AA}"
EndProject
Project("{2150E333-8FDC-42A3-9474-1A3956D46DE8}") = "11Service", "11Service", "{210D9F49-5D2E-4B63-898B-9DA78D1631BB}"
EndProject
Project("{2150E333-8FDC-42A3-9474-1A3956D46DE8}") = "WCF", "WCF", "{916B2B93-CD7C-4E19-92F1-76E20450BB28}"
EndProject
Project("{FAE04EC0-301F-11D3-BF4B-00C04F79EFBC}") = "QuartzServiceLib", "QuartzServiceLib\QuartzServiceLib.csproj", "{5FDEF270-7864-4A6A-BC86-6F92ED2B1000}"
EndProject
Project("{FAE04EC0-301F-11D3-BF4B-00C04F79EFBC}") = "PMS.IModel", "PMS.IModel\PMS.IModel.csproj", "{3BA6E7D9-3DFA-4576-A851-6E4C6AD1C686}"
EndProject
Project("{2150E333-8FDC-42A3-9474-1A3956D46DE8}") = "12JobInstance", "12JobInstance", "{113114E8-A411-47B6-B666-177B62F7BA46}"
EndProject
Project("{FAE04EC0-301F-11D3-BF4B-00C04F79EFBC}") = "JobInstances", "SendJob\JobInstances.csproj", "{DE4CCB95-5614-4E54-B11B-4B1BA260DF59}"
	ProjectSection(ProjectDependencies) = postProject
		{D2E71206-80A8-49BD-99EC-2B4AD1A2D0D0} = {D2E71206-80A8-49BD-99EC-2B4AD1A2D0D0}
	EndProjectSection
EndProject
Project("{FAE04EC0-301F-11D3-BF4B-00C04F79EFBC}") = "BaseJob", "BaseJob\BaseJob.csproj", "{3E9D02B6-C6C0-4484-BDFF-A3194ADC6FBB}"
EndProject
Project("{FAE04EC0-301F-11D3-BF4B-00C04F79EFBC}") = "JobManagement", "JobManagement\JobManagement.csproj", "{FB516B04-5AE1-4F82-81E9-B7AAEB13AE58}"
EndProject
Project("{FAE04EC0-301F-11D3-BF4B-00C04F79EFBC}") = "DelegateSMS", "DelegateSMS\DelegateSMS.csproj", "{FEEDB0CF-1934-4F23-AABD-E69F0500642B}"
EndProject
Project("{2150E333-8FDC-42A3-9474-1A3956D46DE8}") = "07ServiceProxy", "07ServiceProxy", "{C106EB72-7AFD-4086-8DF9-0509A589370D}"
EndProject
Project("{FAE04EC0-301F-11D3-BF4B-00C04F79EFBC}") = "QuartzProxy", "QuartzProxy\QuartzProxy.csproj", "{AF3D71FA-3112-4474-978E-96A55F47A1CE}"
EndProject
Project("{FAE04EC0-301F-11D3-BF4B-00C04F79EFBC}") = "WCFTestDemo", "WCFTestDemo\WCFTestDemo.csproj", "{81D3C620-E616-4AE9-B688-0B2E00923F29}"
	ProjectSection(ProjectDependencies) = postProject
		{5FDEF270-7864-4A6A-BC86-6F92ED2B1000} = {5FDEF270-7864-4A6A-BC86-6F92ED2B1000}
	EndProjectSection
EndProject
Project("{FAE04EC0-301F-11D3-BF4B-00C04F79EFBC}") = "QuartzByWCFDemo", "QuartzByWCFDemo\QuartzByWCFDemo.csproj", "{B5B4C313-98BC-4806-A465-1E2FB7FF712E}"
	ProjectSection(ProjectDependencies) = postProject
		{5FDEF270-7864-4A6A-BC86-6F92ED2B1000} = {5FDEF270-7864-4A6A-BC86-6F92ED2B1000}
	EndProjectSection
EndProject
Project("{FAE04EC0-301F-11D3-BF4B-00C04F79EFBC}") = "QuartzJobServiceLib", "QuartzJobServiceLib\QuartzJobServiceLib.csproj", "{F031A6C6-03A4-4C68-949F-F93647E10359}"
EndProject
Project("{FAE04EC0-301F-11D3-BF4B-00C04F79EFBC}") = "WcfServiceLibrary2", "WcfServiceLibrary2\WcfServiceLibrary2.csproj", "{FDB6C18B-CD37-46A4-9366-153405A98B5F}"
EndProject
Project("{2150E333-8FDC-42A3-9474-1A3956D46DE8}") = "LocalSystem", "LocalSystem", "{72FF63ED-FC98-4F5A-BC1A-66C51E703A60}"
EndProject
Project("{FAE04EC0-301F-11D3-BF4B-00C04F79EFBC}") = "JobManager.Service", "JobManager.Service\JobManager.Service.csproj", "{E4AF81D8-2A09-4D06-8DB2-2307B0A8B55F}"
EndProject
Project("{FAE04EC0-301F-11D3-BF4B-00C04F79EFBC}") = "QuartzJobByTopShelfDemo", "QuartzJobByTopShelfDemo\QuartzJobByTopShelfDemo.csproj", "{A535D6CB-0A54-47D6-9D61-82651B38948E}"
EndProject
Project("{2150E333-8FDC-42A3-9474-1A3956D46DE8}") = "Log4net", "Log4net", "{155F2EC0-ED38-4DBF-831E-E38206C93560}"
EndProject
Project("{FAE04EC0-301F-11D3-BF4B-00C04F79EFBC}") = "log4netDemo", "log4netDemo\log4netDemo.csproj", "{5CACC9B6-646E-4966-8BFB-85C6C99F9FE9}"
EndProject
Project("{2150E333-8FDC-42A3-9474-1A3956D46DE8}") = "CSharp", "CSharp", "{891DEFD7-3627-4362-8537-39B55C41874D}"
EndProject
Project("{FAE04EC0-301F-11D3-BF4B-00C04F79EFBC}") = "CSharpTest", "CSharpTest\CSharpTest.csproj", "{CC0D7563-07DF-4270-A3BE-AA5C42F6F4DB}"
EndProject
Project("{FAE04EC0-301F-11D3-BF4B-00C04F79EFBC}") = "ConfigManager", "ConfigManager\ConfigManager.csproj", "{16B985FE-C614-40CA-8E31-9E64AE322DD4}"
EndProject
Project("{FAE04EC0-301F-11D3-BF4B-00C04F79EFBC}") = "Fdfs.BLL", "Fdfs.BLL\Fdfs.BLL.csproj", "{81978320-376F-47B7-BDD0-7C259BA7FD5D}"
EndProject
Project("{FAE04EC0-301F-11D3-BF4B-00C04F79EFBC}") = "Fdfs.IBLL", "Fdfs.IBLL\Fdfs.IBLL.csproj", "{0FC982C5-F9C3-48AC-B8F0-37C08A5FCFD4}"
EndProject
Project("{FAE04EC0-301F-11D3-BF4B-00C04F79EFBC}") = "Fdfs.DAL", "Fdfs.DAL\Fdfs.DAL.csproj", "{B7BECE01-40B2-445E-BC7D-13ED34502693}"
EndProject
Project("{FAE04EC0-301F-11D3-BF4B-00C04F79EFBC}") = "Fdfs.IDAL", "Fdfs.IDAL\Fdfs.IDAL.csproj", "{8B08411E-6606-460E-86D7-BE727C53BDDC}"
EndProject
Project("{FAE04EC0-301F-11D3-BF4B-00C04F79EFBC}") = "MMSFactoryServiceLib", "MMSFactoryServiceLib\MMSFactoryServiceLib.csproj", "{6453B740-6A57-44A8-AB16-16E8E740161D}"
EndProject
Project("{2150E333-8FDC-42A3-9474-1A3956D46DE8}") = "WebAPI", "WebAPI", "{7F1C31D5-AEA6-4CDF-9A24-61AF8B7510F2}"
EndProject
Project("{2150E333-8FDC-42A3-9474-1A3956D46DE8}") = "05Common", "05Common", "{3D227225-4D5A-4C17-B5D5-A3681C8EEC99}"
EndProject
Project("{FAE04EC0-301F-11D3-BF4B-00C04F79EFBC}") = "HttpHelper", "HttpHelper\HttpHelper.csproj", "{3B3D4793-0BB6-486F-BCA7-DF9D2EFD2E6A}"
EndProject
Project("{FAE04EC0-301F-11D3-BF4B-00C04F79EFBC}") = "ManagerSys", "ManagerSys\ManagerSys\ManagerSys.csproj", "{189E4C6C-3DFF-4BD7-B3F6-4CCE381DAA9D}"
EndProject
Project("{FAE04EC0-301F-11D3-BF4B-00C04F79EFBC}") = "SMSSendApi", "SMSSendApi\SMSSendApi.csproj", "{C7AB7804-4DC6-47D7-9771-C1A50399CD5B}"
EndProject
Global
	GlobalSection(SolutionConfigurationPlatforms) = preSolution
		Debug|Any CPU = Debug|Any CPU
		Debug|x86 = Debug|x86
		Release|Any CPU = Release|Any CPU
		Release|x86 = Release|x86
	EndGlobalSection
	GlobalSection(ProjectConfigurationPlatforms) = postSolution
		{DB0B872A-4375-4BCB-AD18-F0EBCB0BDAE8}.Debug|Any CPU.ActiveCfg = Debug|Any CPU
		{DB0B872A-4375-4BCB-AD18-F0EBCB0BDAE8}.Debug|Any CPU.Build.0 = Debug|Any CPU
		{DB0B872A-4375-4BCB-AD18-F0EBCB0BDAE8}.Debug|x86.ActiveCfg = Debug|Any CPU
		{DB0B872A-4375-4BCB-AD18-F0EBCB0BDAE8}.Debug|x86.Build.0 = Debug|Any CPU
		{DB0B872A-4375-4BCB-AD18-F0EBCB0BDAE8}.Release|Any CPU.ActiveCfg = Release|Any CPU
		{DB0B872A-4375-4BCB-AD18-F0EBCB0BDAE8}.Release|Any CPU.Build.0 = Release|Any CPU
		{DB0B872A-4375-4BCB-AD18-F0EBCB0BDAE8}.Release|x86.ActiveCfg = Release|Any CPU
		{DB0B872A-4375-4BCB-AD18-F0EBCB0BDAE8}.Release|x86.Build.0 = Release|Any CPU
		{73F24718-E616-4680-A82A-0B43FF064A85}.Debug|Any CPU.ActiveCfg = Debug|Any CPU
		{73F24718-E616-4680-A82A-0B43FF064A85}.Debug|Any CPU.Build.0 = Debug|Any CPU
		{73F24718-E616-4680-A82A-0B43FF064A85}.Debug|x86.ActiveCfg = Debug|Any CPU
		{73F24718-E616-4680-A82A-0B43FF064A85}.Debug|x86.Build.0 = Debug|Any CPU
		{73F24718-E616-4680-A82A-0B43FF064A85}.Release|Any CPU.ActiveCfg = Release|Any CPU
		{73F24718-E616-4680-A82A-0B43FF064A85}.Release|Any CPU.Build.0 = Release|Any CPU
		{73F24718-E616-4680-A82A-0B43FF064A85}.Release|x86.ActiveCfg = Release|Any CPU
		{73F24718-E616-4680-A82A-0B43FF064A85}.Release|x86.Build.0 = Release|Any CPU
		{9581FC4A-361D-48C9-99F7-7826DAFD992E}.Debug|Any CPU.ActiveCfg = Debug|Any CPU
		{9581FC4A-361D-48C9-99F7-7826DAFD992E}.Debug|Any CPU.Build.0 = Debug|Any CPU
		{9581FC4A-361D-48C9-99F7-7826DAFD992E}.Debug|x86.ActiveCfg = Debug|Any CPU
		{9581FC4A-361D-48C9-99F7-7826DAFD992E}.Debug|x86.Build.0 = Debug|Any CPU
		{9581FC4A-361D-48C9-99F7-7826DAFD992E}.Release|Any CPU.ActiveCfg = Release|Any CPU
		{9581FC4A-361D-48C9-99F7-7826DAFD992E}.Release|Any CPU.Build.0 = Release|Any CPU
		{9581FC4A-361D-48C9-99F7-7826DAFD992E}.Release|x86.ActiveCfg = Release|Any CPU
		{9581FC4A-361D-48C9-99F7-7826DAFD992E}.Release|x86.Build.0 = Release|Any CPU
		{E64C6B70-35BD-422C-9EEF-A0A2E4F4DDFB}.Debug|Any CPU.ActiveCfg = Debug|Any CPU
		{E64C6B70-35BD-422C-9EEF-A0A2E4F4DDFB}.Debug|Any CPU.Build.0 = Debug|Any CPU
		{E64C6B70-35BD-422C-9EEF-A0A2E4F4DDFB}.Debug|x86.ActiveCfg = Debug|Any CPU
		{E64C6B70-35BD-422C-9EEF-A0A2E4F4DDFB}.Debug|x86.Build.0 = Debug|Any CPU
		{E64C6B70-35BD-422C-9EEF-A0A2E4F4DDFB}.Release|Any CPU.ActiveCfg = Release|Any CPU
		{E64C6B70-35BD-422C-9EEF-A0A2E4F4DDFB}.Release|Any CPU.Build.0 = Release|Any CPU
		{E64C6B70-35BD-422C-9EEF-A0A2E4F4DDFB}.Release|x86.ActiveCfg = Release|Any CPU
		{E64C6B70-35BD-422C-9EEF-A0A2E4F4DDFB}.Release|x86.Build.0 = Release|Any CPU
		{19C3C8DB-438A-47DC-B56C-5DCC7D69E318}.Debug|Any CPU.ActiveCfg = Debug|Any CPU
		{19C3C8DB-438A-47DC-B56C-5DCC7D69E318}.Debug|Any CPU.Build.0 = Debug|Any CPU
		{19C3C8DB-438A-47DC-B56C-5DCC7D69E318}.Debug|x86.ActiveCfg = Debug|Any CPU
		{19C3C8DB-438A-47DC-B56C-5DCC7D69E318}.Debug|x86.Build.0 = Debug|Any CPU
		{19C3C8DB-438A-47DC-B56C-5DCC7D69E318}.Release|Any CPU.ActiveCfg = Release|Any CPU
		{19C3C8DB-438A-47DC-B56C-5DCC7D69E318}.Release|Any CPU.Build.0 = Release|Any CPU
		{19C3C8DB-438A-47DC-B56C-5DCC7D69E318}.Release|x86.ActiveCfg = Release|Any CPU
		{19C3C8DB-438A-47DC-B56C-5DCC7D69E318}.Release|x86.Build.0 = Release|Any CPU
		{A0FE1F08-D413-4CD0-AAFB-45EFB2382504}.Debug|Any CPU.ActiveCfg = Debug|Any CPU
		{A0FE1F08-D413-4CD0-AAFB-45EFB2382504}.Debug|Any CPU.Build.0 = Debug|Any CPU
		{A0FE1F08-D413-4CD0-AAFB-45EFB2382504}.Debug|x86.ActiveCfg = Debug|Any CPU
		{A0FE1F08-D413-4CD0-AAFB-45EFB2382504}.Debug|x86.Build.0 = Debug|Any CPU
		{A0FE1F08-D413-4CD0-AAFB-45EFB2382504}.Release|Any CPU.ActiveCfg = Release|Any CPU
		{A0FE1F08-D413-4CD0-AAFB-45EFB2382504}.Release|Any CPU.Build.0 = Release|Any CPU
		{A0FE1F08-D413-4CD0-AAFB-45EFB2382504}.Release|x86.ActiveCfg = Release|Any CPU
		{A0FE1F08-D413-4CD0-AAFB-45EFB2382504}.Release|x86.Build.0 = Release|Any CPU
		{DB223E8F-1440-458F-9091-D4454463F326}.Debug|Any CPU.ActiveCfg = Debug|Any CPU
		{DB223E8F-1440-458F-9091-D4454463F326}.Debug|Any CPU.Build.0 = Debug|Any CPU
		{DB223E8F-1440-458F-9091-D4454463F326}.Debug|x86.ActiveCfg = Debug|Any CPU
		{DB223E8F-1440-458F-9091-D4454463F326}.Debug|x86.Build.0 = Debug|Any CPU
		{DB223E8F-1440-458F-9091-D4454463F326}.Release|Any CPU.ActiveCfg = Release|Any CPU
		{DB223E8F-1440-458F-9091-D4454463F326}.Release|Any CPU.Build.0 = Release|Any CPU
		{DB223E8F-1440-458F-9091-D4454463F326}.Release|x86.ActiveCfg = Release|Any CPU
		{DB223E8F-1440-458F-9091-D4454463F326}.Release|x86.Build.0 = Release|Any CPU
		{648B0371-B409-44CF-AF78-E07E617D8828}.Debug|Any CPU.ActiveCfg = Debug|Any CPU
		{648B0371-B409-44CF-AF78-E07E617D8828}.Debug|Any CPU.Build.0 = Debug|Any CPU
		{648B0371-B409-44CF-AF78-E07E617D8828}.Debug|x86.ActiveCfg = Debug|Any CPU
		{648B0371-B409-44CF-AF78-E07E617D8828}.Debug|x86.Build.0 = Debug|Any CPU
		{648B0371-B409-44CF-AF78-E07E617D8828}.Release|Any CPU.ActiveCfg = Release|Any CPU
		{648B0371-B409-44CF-AF78-E07E617D8828}.Release|Any CPU.Build.0 = Release|Any CPU
		{648B0371-B409-44CF-AF78-E07E617D8828}.Release|x86.ActiveCfg = Release|Any CPU
		{648B0371-B409-44CF-AF78-E07E617D8828}.Release|x86.Build.0 = Release|Any CPU
		{ACE327D0-A08B-431E-A422-ABAA4BA73AC7}.Debug|Any CPU.ActiveCfg = Debug|Any CPU
		{ACE327D0-A08B-431E-A422-ABAA4BA73AC7}.Debug|Any CPU.Build.0 = Debug|Any CPU
		{ACE327D0-A08B-431E-A422-ABAA4BA73AC7}.Debug|x86.ActiveCfg = Debug|Any CPU
		{ACE327D0-A08B-431E-A422-ABAA4BA73AC7}.Debug|x86.Build.0 = Debug|Any CPU
		{ACE327D0-A08B-431E-A422-ABAA4BA73AC7}.Release|Any CPU.ActiveCfg = Release|Any CPU
		{ACE327D0-A08B-431E-A422-ABAA4BA73AC7}.Release|Any CPU.Build.0 = Release|Any CPU
		{ACE327D0-A08B-431E-A422-ABAA4BA73AC7}.Release|x86.ActiveCfg = Release|Any CPU
		{ACE327D0-A08B-431E-A422-ABAA4BA73AC7}.Release|x86.Build.0 = Release|Any CPU
		{814D29AF-A6CA-4BBD-87CE-4EF3F8EA3484}.Debug|Any CPU.ActiveCfg = Debug|Any CPU
		{814D29AF-A6CA-4BBD-87CE-4EF3F8EA3484}.Debug|Any CPU.Build.0 = Debug|Any CPU
		{814D29AF-A6CA-4BBD-87CE-4EF3F8EA3484}.Debug|x86.ActiveCfg = Debug|Any CPU
		{814D29AF-A6CA-4BBD-87CE-4EF3F8EA3484}.Debug|x86.Build.0 = Debug|Any CPU
		{814D29AF-A6CA-4BBD-87CE-4EF3F8EA3484}.Release|Any CPU.ActiveCfg = Release|Any CPU
		{814D29AF-A6CA-4BBD-87CE-4EF3F8EA3484}.Release|Any CPU.Build.0 = Release|Any CPU
		{814D29AF-A6CA-4BBD-87CE-4EF3F8EA3484}.Release|x86.ActiveCfg = Release|Any CPU
		{814D29AF-A6CA-4BBD-87CE-4EF3F8EA3484}.Release|x86.Build.0 = Release|Any CPU
		{EA8B8C2F-3235-41DC-ABA4-17CFDF0575C7}.Debug|Any CPU.ActiveCfg = Debug|Any CPU
		{EA8B8C2F-3235-41DC-ABA4-17CFDF0575C7}.Debug|Any CPU.Build.0 = Debug|Any CPU
		{EA8B8C2F-3235-41DC-ABA4-17CFDF0575C7}.Debug|x86.ActiveCfg = Debug|Any CPU
		{EA8B8C2F-3235-41DC-ABA4-17CFDF0575C7}.Debug|x86.Build.0 = Debug|Any CPU
		{EA8B8C2F-3235-41DC-ABA4-17CFDF0575C7}.Release|Any CPU.ActiveCfg = Release|Any CPU
		{EA8B8C2F-3235-41DC-ABA4-17CFDF0575C7}.Release|Any CPU.Build.0 = Release|Any CPU
		{EA8B8C2F-3235-41DC-ABA4-17CFDF0575C7}.Release|x86.ActiveCfg = Release|Any CPU
		{EA8B8C2F-3235-41DC-ABA4-17CFDF0575C7}.Release|x86.Build.0 = Release|Any CPU
		{3A4DD8DC-AB42-432B-A05B-3898CA7CF88D}.Debug|Any CPU.ActiveCfg = Debug|Any CPU
		{3A4DD8DC-AB42-432B-A05B-3898CA7CF88D}.Debug|Any CPU.Build.0 = Debug|Any CPU
		{3A4DD8DC-AB42-432B-A05B-3898CA7CF88D}.Debug|x86.ActiveCfg = Debug|Any CPU
		{3A4DD8DC-AB42-432B-A05B-3898CA7CF88D}.Debug|x86.Build.0 = Debug|Any CPU
		{3A4DD8DC-AB42-432B-A05B-3898CA7CF88D}.Release|Any CPU.ActiveCfg = Release|Any CPU
		{3A4DD8DC-AB42-432B-A05B-3898CA7CF88D}.Release|Any CPU.Build.0 = Release|Any CPU
		{3A4DD8DC-AB42-432B-A05B-3898CA7CF88D}.Release|x86.ActiveCfg = Release|Any CPU
		{3A4DD8DC-AB42-432B-A05B-3898CA7CF88D}.Release|x86.Build.0 = Release|Any CPU
		{8DA3A1C9-F4AD-4417-B816-D5F6288B31FB}.Debug|Any CPU.ActiveCfg = Debug|Any CPU
		{8DA3A1C9-F4AD-4417-B816-D5F6288B31FB}.Debug|Any CPU.Build.0 = Debug|Any CPU
		{8DA3A1C9-F4AD-4417-B816-D5F6288B31FB}.Debug|x86.ActiveCfg = Debug|Any CPU
		{8DA3A1C9-F4AD-4417-B816-D5F6288B31FB}.Debug|x86.Build.0 = Debug|Any CPU
		{8DA3A1C9-F4AD-4417-B816-D5F6288B31FB}.Release|Any CPU.ActiveCfg = Release|Any CPU
		{8DA3A1C9-F4AD-4417-B816-D5F6288B31FB}.Release|Any CPU.Build.0 = Release|Any CPU
		{8DA3A1C9-F4AD-4417-B816-D5F6288B31FB}.Release|x86.ActiveCfg = Release|Any CPU
		{8DA3A1C9-F4AD-4417-B816-D5F6288B31FB}.Release|x86.Build.0 = Release|Any CPU
		{5F9D7CED-6588-4ACD-9567-1C2AE816D505}.Debug|Any CPU.ActiveCfg = Debug|Any CPU
		{5F9D7CED-6588-4ACD-9567-1C2AE816D505}.Debug|Any CPU.Build.0 = Debug|Any CPU
		{5F9D7CED-6588-4ACD-9567-1C2AE816D505}.Debug|x86.ActiveCfg = Debug|Any CPU
		{5F9D7CED-6588-4ACD-9567-1C2AE816D505}.Debug|x86.Build.0 = Debug|Any CPU
		{5F9D7CED-6588-4ACD-9567-1C2AE816D505}.Release|Any CPU.ActiveCfg = Release|Any CPU
		{5F9D7CED-6588-4ACD-9567-1C2AE816D505}.Release|Any CPU.Build.0 = Release|Any CPU
		{5F9D7CED-6588-4ACD-9567-1C2AE816D505}.Release|x86.ActiveCfg = Release|Any CPU
		{5F9D7CED-6588-4ACD-9567-1C2AE816D505}.Release|x86.Build.0 = Release|Any CPU
		{8F16722C-44CC-4222-BA81-7C4887E00C08}.Debug|Any CPU.ActiveCfg = Debug|Any CPU
		{8F16722C-44CC-4222-BA81-7C4887E00C08}.Debug|Any CPU.Build.0 = Debug|Any CPU
		{8F16722C-44CC-4222-BA81-7C4887E00C08}.Debug|x86.ActiveCfg = Debug|Any CPU
		{8F16722C-44CC-4222-BA81-7C4887E00C08}.Debug|x86.Build.0 = Debug|Any CPU
		{8F16722C-44CC-4222-BA81-7C4887E00C08}.Release|Any CPU.ActiveCfg = Release|Any CPU
		{8F16722C-44CC-4222-BA81-7C4887E00C08}.Release|Any CPU.Build.0 = Release|Any CPU
		{8F16722C-44CC-4222-BA81-7C4887E00C08}.Release|x86.ActiveCfg = Release|Any CPU
		{8F16722C-44CC-4222-BA81-7C4887E00C08}.Release|x86.Build.0 = Release|Any CPU
		{56EC4F35-5575-471F-AB72-A2F50AD221B4}.Debug|Any CPU.ActiveCfg = Debug|Any CPU
		{56EC4F35-5575-471F-AB72-A2F50AD221B4}.Debug|Any CPU.Build.0 = Debug|Any CPU
		{56EC4F35-5575-471F-AB72-A2F50AD221B4}.Debug|x86.ActiveCfg = Debug|Any CPU
		{56EC4F35-5575-471F-AB72-A2F50AD221B4}.Debug|x86.Build.0 = Debug|Any CPU
		{56EC4F35-5575-471F-AB72-A2F50AD221B4}.Release|Any CPU.ActiveCfg = Release|Any CPU
		{56EC4F35-5575-471F-AB72-A2F50AD221B4}.Release|Any CPU.Build.0 = Release|Any CPU
		{56EC4F35-5575-471F-AB72-A2F50AD221B4}.Release|x86.ActiveCfg = Release|Any CPU
		{56EC4F35-5575-471F-AB72-A2F50AD221B4}.Release|x86.Build.0 = Release|Any CPU
		{F984650F-3A2C-466D-B504-229141595FB1}.Debug|Any CPU.ActiveCfg = Debug|x86
		{F984650F-3A2C-466D-B504-229141595FB1}.Debug|x86.ActiveCfg = Debug|x86
		{F984650F-3A2C-466D-B504-229141595FB1}.Debug|x86.Build.0 = Debug|x86
		{F984650F-3A2C-466D-B504-229141595FB1}.Release|Any CPU.ActiveCfg = Release|x86
		{F984650F-3A2C-466D-B504-229141595FB1}.Release|x86.ActiveCfg = Release|x86
		{F984650F-3A2C-466D-B504-229141595FB1}.Release|x86.Build.0 = Release|x86
		{D62F435E-60DB-4B26-B198-280E24DEE49D}.Debug|Any CPU.ActiveCfg = Debug|Any CPU
		{D62F435E-60DB-4B26-B198-280E24DEE49D}.Debug|Any CPU.Build.0 = Debug|Any CPU
		{D62F435E-60DB-4B26-B198-280E24DEE49D}.Debug|x86.ActiveCfg = Debug|Any CPU
		{D62F435E-60DB-4B26-B198-280E24DEE49D}.Debug|x86.Build.0 = Debug|Any CPU
		{D62F435E-60DB-4B26-B198-280E24DEE49D}.Release|Any CPU.ActiveCfg = Release|Any CPU
		{D62F435E-60DB-4B26-B198-280E24DEE49D}.Release|Any CPU.Build.0 = Release|Any CPU
		{D62F435E-60DB-4B26-B198-280E24DEE49D}.Release|x86.ActiveCfg = Release|Any CPU
		{D62F435E-60DB-4B26-B198-280E24DEE49D}.Release|x86.Build.0 = Release|Any CPU
		{443EBE44-4B7D-47C0-967E-33B402CB6422}.Debug|Any CPU.ActiveCfg = Debug|Any CPU
		{443EBE44-4B7D-47C0-967E-33B402CB6422}.Debug|Any CPU.Build.0 = Debug|Any CPU
		{443EBE44-4B7D-47C0-967E-33B402CB6422}.Debug|x86.ActiveCfg = Debug|Any CPU
		{443EBE44-4B7D-47C0-967E-33B402CB6422}.Debug|x86.Build.0 = Debug|Any CPU
		{443EBE44-4B7D-47C0-967E-33B402CB6422}.Release|Any CPU.ActiveCfg = Release|Any CPU
		{443EBE44-4B7D-47C0-967E-33B402CB6422}.Release|Any CPU.Build.0 = Release|Any CPU
		{443EBE44-4B7D-47C0-967E-33B402CB6422}.Release|x86.ActiveCfg = Release|Any CPU
		{443EBE44-4B7D-47C0-967E-33B402CB6422}.Release|x86.Build.0 = Release|Any CPU
		{ED2A45EE-5021-41EE-8FC9-54653BF5BB11}.Debug|Any CPU.ActiveCfg = Debug|Any CPU
		{ED2A45EE-5021-41EE-8FC9-54653BF5BB11}.Debug|Any CPU.Build.0 = Debug|Any CPU
		{ED2A45EE-5021-41EE-8FC9-54653BF5BB11}.Debug|x86.ActiveCfg = Debug|Any CPU
		{ED2A45EE-5021-41EE-8FC9-54653BF5BB11}.Debug|x86.Build.0 = Debug|Any CPU
		{ED2A45EE-5021-41EE-8FC9-54653BF5BB11}.Release|Any CPU.ActiveCfg = Release|Any CPU
		{ED2A45EE-5021-41EE-8FC9-54653BF5BB11}.Release|Any CPU.Build.0 = Release|Any CPU
		{ED2A45EE-5021-41EE-8FC9-54653BF5BB11}.Release|x86.ActiveCfg = Release|Any CPU
		{ED2A45EE-5021-41EE-8FC9-54653BF5BB11}.Release|x86.Build.0 = Release|Any CPU
		{7D911130-3795-46ED-BF86-AF06FCB4C1AF}.Debug|Any CPU.ActiveCfg = Debug|Any CPU
		{7D911130-3795-46ED-BF86-AF06FCB4C1AF}.Debug|Any CPU.Build.0 = Debug|Any CPU
		{7D911130-3795-46ED-BF86-AF06FCB4C1AF}.Debug|x86.ActiveCfg = Debug|Any CPU
		{7D911130-3795-46ED-BF86-AF06FCB4C1AF}.Debug|x86.Build.0 = Debug|Any CPU
		{7D911130-3795-46ED-BF86-AF06FCB4C1AF}.Release|Any CPU.ActiveCfg = Release|Any CPU
		{7D911130-3795-46ED-BF86-AF06FCB4C1AF}.Release|Any CPU.Build.0 = Release|Any CPU
		{7D911130-3795-46ED-BF86-AF06FCB4C1AF}.Release|x86.ActiveCfg = Release|Any CPU
		{7D911130-3795-46ED-BF86-AF06FCB4C1AF}.Release|x86.Build.0 = Release|Any CPU
		{5E967A6A-2AEB-49A1-9046-9AE917659708}.Debug|Any CPU.ActiveCfg = Debug|Any CPU
		{5E967A6A-2AEB-49A1-9046-9AE917659708}.Debug|Any CPU.Build.0 = Debug|Any CPU
		{5E967A6A-2AEB-49A1-9046-9AE917659708}.Debug|x86.ActiveCfg = Debug|Any CPU
		{5E967A6A-2AEB-49A1-9046-9AE917659708}.Debug|x86.Build.0 = Debug|Any CPU
		{5E967A6A-2AEB-49A1-9046-9AE917659708}.Release|Any CPU.ActiveCfg = Release|Any CPU
		{5E967A6A-2AEB-49A1-9046-9AE917659708}.Release|Any CPU.Build.0 = Release|Any CPU
		{5E967A6A-2AEB-49A1-9046-9AE917659708}.Release|x86.ActiveCfg = Release|Any CPU
		{5E967A6A-2AEB-49A1-9046-9AE917659708}.Release|x86.Build.0 = Release|Any CPU
		{C1A96FA7-5ECF-481A-AE18-0851C8B886DA}.Debug|Any CPU.ActiveCfg = Debug|Any CPU
		{C1A96FA7-5ECF-481A-AE18-0851C8B886DA}.Debug|Any CPU.Build.0 = Debug|Any CPU
		{C1A96FA7-5ECF-481A-AE18-0851C8B886DA}.Debug|x86.ActiveCfg = Debug|Any CPU
		{C1A96FA7-5ECF-481A-AE18-0851C8B886DA}.Debug|x86.Build.0 = Debug|Any CPU
		{C1A96FA7-5ECF-481A-AE18-0851C8B886DA}.Release|Any CPU.ActiveCfg = Release|Any CPU
		{C1A96FA7-5ECF-481A-AE18-0851C8B886DA}.Release|Any CPU.Build.0 = Release|Any CPU
		{C1A96FA7-5ECF-481A-AE18-0851C8B886DA}.Release|x86.ActiveCfg = Release|Any CPU
		{C1A96FA7-5ECF-481A-AE18-0851C8B886DA}.Release|x86.Build.0 = Release|Any CPU
		{B298C60F-AC9E-43E6-9025-2A52E7286289}.Debug|Any CPU.ActiveCfg = Debug|Any CPU
		{B298C60F-AC9E-43E6-9025-2A52E7286289}.Debug|Any CPU.Build.0 = Debug|Any CPU
		{B298C60F-AC9E-43E6-9025-2A52E7286289}.Debug|x86.ActiveCfg = Debug|Any CPU
		{B298C60F-AC9E-43E6-9025-2A52E7286289}.Debug|x86.Build.0 = Debug|Any CPU
		{B298C60F-AC9E-43E6-9025-2A52E7286289}.Release|Any CPU.ActiveCfg = Release|Any CPU
		{B298C60F-AC9E-43E6-9025-2A52E7286289}.Release|Any CPU.Build.0 = Release|Any CPU
		{B298C60F-AC9E-43E6-9025-2A52E7286289}.Release|x86.ActiveCfg = Release|Any CPU
		{B298C60F-AC9E-43E6-9025-2A52E7286289}.Release|x86.Build.0 = Release|Any CPU
		{252338DE-0E16-4E59-AC65-01BA7689D9F4}.Debug|Any CPU.ActiveCfg = Debug|Any CPU
		{252338DE-0E16-4E59-AC65-01BA7689D9F4}.Debug|Any CPU.Build.0 = Debug|Any CPU
		{252338DE-0E16-4E59-AC65-01BA7689D9F4}.Debug|x86.ActiveCfg = Debug|Any CPU
		{252338DE-0E16-4E59-AC65-01BA7689D9F4}.Debug|x86.Build.0 = Debug|Any CPU
		{252338DE-0E16-4E59-AC65-01BA7689D9F4}.Release|Any CPU.ActiveCfg = Release|Any CPU
		{252338DE-0E16-4E59-AC65-01BA7689D9F4}.Release|Any CPU.Build.0 = Release|Any CPU
		{252338DE-0E16-4E59-AC65-01BA7689D9F4}.Release|x86.ActiveCfg = Release|Any CPU
		{252338DE-0E16-4E59-AC65-01BA7689D9F4}.Release|x86.Build.0 = Release|Any CPU
		{5146E1D3-CA38-4744-AB14-E4A6BFFF33CC}.Debug|Any CPU.ActiveCfg = Debug|Any CPU
		{5146E1D3-CA38-4744-AB14-E4A6BFFF33CC}.Debug|Any CPU.Build.0 = Debug|Any CPU
		{5146E1D3-CA38-4744-AB14-E4A6BFFF33CC}.Debug|x86.ActiveCfg = Debug|Any CPU
		{5146E1D3-CA38-4744-AB14-E4A6BFFF33CC}.Debug|x86.Build.0 = Debug|Any CPU
		{5146E1D3-CA38-4744-AB14-E4A6BFFF33CC}.Release|Any CPU.ActiveCfg = Release|Any CPU
		{5146E1D3-CA38-4744-AB14-E4A6BFFF33CC}.Release|Any CPU.Build.0 = Release|Any CPU
		{5146E1D3-CA38-4744-AB14-E4A6BFFF33CC}.Release|x86.ActiveCfg = Release|Any CPU
		{5146E1D3-CA38-4744-AB14-E4A6BFFF33CC}.Release|x86.Build.0 = Release|Any CPU
		{D58923B3-F6D6-4743-BB5E-2A6197EB6971}.Debug|Any CPU.ActiveCfg = Debug|Any CPU
		{D58923B3-F6D6-4743-BB5E-2A6197EB6971}.Debug|Any CPU.Build.0 = Debug|Any CPU
		{D58923B3-F6D6-4743-BB5E-2A6197EB6971}.Debug|x86.ActiveCfg = Debug|Any CPU
		{D58923B3-F6D6-4743-BB5E-2A6197EB6971}.Debug|x86.Build.0 = Debug|Any CPU
		{D58923B3-F6D6-4743-BB5E-2A6197EB6971}.Release|Any CPU.ActiveCfg = Release|Any CPU
		{D58923B3-F6D6-4743-BB5E-2A6197EB6971}.Release|Any CPU.Build.0 = Release|Any CPU
		{D58923B3-F6D6-4743-BB5E-2A6197EB6971}.Release|x86.ActiveCfg = Release|Any CPU
		{D58923B3-F6D6-4743-BB5E-2A6197EB6971}.Release|x86.Build.0 = Release|Any CPU
		{D2E71206-80A8-49BD-99EC-2B4AD1A2D0D0}.Debug|Any CPU.ActiveCfg = Debug|Any CPU
		{D2E71206-80A8-49BD-99EC-2B4AD1A2D0D0}.Debug|Any CPU.Build.0 = Debug|Any CPU
		{D2E71206-80A8-49BD-99EC-2B4AD1A2D0D0}.Debug|x86.ActiveCfg = Debug|Any CPU
		{D2E71206-80A8-49BD-99EC-2B4AD1A2D0D0}.Debug|x86.Build.0 = Debug|Any CPU
		{D2E71206-80A8-49BD-99EC-2B4AD1A2D0D0}.Release|Any CPU.ActiveCfg = Release|Any CPU
		{D2E71206-80A8-49BD-99EC-2B4AD1A2D0D0}.Release|Any CPU.Build.0 = Release|Any CPU
		{D2E71206-80A8-49BD-99EC-2B4AD1A2D0D0}.Release|x86.ActiveCfg = Release|Any CPU
		{D2E71206-80A8-49BD-99EC-2B4AD1A2D0D0}.Release|x86.Build.0 = Release|Any CPU
		{73A69AE5-6D8B-4A36-A677-237259E6C96C}.Debug|Any CPU.ActiveCfg = Debug|Any CPU
		{73A69AE5-6D8B-4A36-A677-237259E6C96C}.Debug|Any CPU.Build.0 = Debug|Any CPU
		{73A69AE5-6D8B-4A36-A677-237259E6C96C}.Debug|x86.ActiveCfg = Debug|Any CPU
		{73A69AE5-6D8B-4A36-A677-237259E6C96C}.Debug|x86.Build.0 = Debug|Any CPU
		{73A69AE5-6D8B-4A36-A677-237259E6C96C}.Release|Any CPU.ActiveCfg = Release|Any CPU
		{73A69AE5-6D8B-4A36-A677-237259E6C96C}.Release|Any CPU.Build.0 = Release|Any CPU
		{73A69AE5-6D8B-4A36-A677-237259E6C96C}.Release|x86.ActiveCfg = Release|Any CPU
		{73A69AE5-6D8B-4A36-A677-237259E6C96C}.Release|x86.Build.0 = Release|Any CPU
		{4678177D-7BD1-42D5-86D6-512CC7AAD501}.Debug|Any CPU.ActiveCfg = Debug|Any CPU
		{4678177D-7BD1-42D5-86D6-512CC7AAD501}.Debug|Any CPU.Build.0 = Debug|Any CPU
		{4678177D-7BD1-42D5-86D6-512CC7AAD501}.Debug|x86.ActiveCfg = Debug|Any CPU
		{4678177D-7BD1-42D5-86D6-512CC7AAD501}.Debug|x86.Build.0 = Debug|Any CPU
		{4678177D-7BD1-42D5-86D6-512CC7AAD501}.Release|Any CPU.ActiveCfg = Release|Any CPU
		{4678177D-7BD1-42D5-86D6-512CC7AAD501}.Release|Any CPU.Build.0 = Release|Any CPU
		{4678177D-7BD1-42D5-86D6-512CC7AAD501}.Release|x86.ActiveCfg = Release|Any CPU
		{4678177D-7BD1-42D5-86D6-512CC7AAD501}.Release|x86.Build.0 = Release|Any CPU
		{9A5D0B36-4E67-4C9F-82D4-56356F1D01E4}.Debug|Any CPU.ActiveCfg = Debug|Any CPU
		{9A5D0B36-4E67-4C9F-82D4-56356F1D01E4}.Debug|Any CPU.Build.0 = Debug|Any CPU
		{9A5D0B36-4E67-4C9F-82D4-56356F1D01E4}.Debug|x86.ActiveCfg = Debug|Any CPU
		{9A5D0B36-4E67-4C9F-82D4-56356F1D01E4}.Debug|x86.Build.0 = Debug|Any CPU
		{9A5D0B36-4E67-4C9F-82D4-56356F1D01E4}.Release|Any CPU.ActiveCfg = Release|Any CPU
		{9A5D0B36-4E67-4C9F-82D4-56356F1D01E4}.Release|Any CPU.Build.0 = Release|Any CPU
		{9A5D0B36-4E67-4C9F-82D4-56356F1D01E4}.Release|x86.ActiveCfg = Release|Any CPU
		{9A5D0B36-4E67-4C9F-82D4-56356F1D01E4}.Release|x86.Build.0 = Release|Any CPU
		{0F928469-5038-4471-A6D4-5A2BAB75253E}.Debug|Any CPU.ActiveCfg = Debug|Any CPU
		{0F928469-5038-4471-A6D4-5A2BAB75253E}.Debug|Any CPU.Build.0 = Debug|Any CPU
		{0F928469-5038-4471-A6D4-5A2BAB75253E}.Debug|x86.ActiveCfg = Debug|Any CPU
		{0F928469-5038-4471-A6D4-5A2BAB75253E}.Debug|x86.Build.0 = Debug|Any CPU
		{0F928469-5038-4471-A6D4-5A2BAB75253E}.Release|Any CPU.ActiveCfg = Release|Any CPU
		{0F928469-5038-4471-A6D4-5A2BAB75253E}.Release|Any CPU.Build.0 = Release|Any CPU
		{0F928469-5038-4471-A6D4-5A2BAB75253E}.Release|x86.ActiveCfg = Release|Any CPU
		{0F928469-5038-4471-A6D4-5A2BAB75253E}.Release|x86.Build.0 = Release|Any CPU
		{0F127B3B-9E9F-458B-A36F-5D4E693136AA}.Debug|Any CPU.ActiveCfg = Debug|Any CPU
		{0F127B3B-9E9F-458B-A36F-5D4E693136AA}.Debug|Any CPU.Build.0 = Debug|Any CPU
		{0F127B3B-9E9F-458B-A36F-5D4E693136AA}.Debug|x86.ActiveCfg = Debug|Any CPU
		{0F127B3B-9E9F-458B-A36F-5D4E693136AA}.Debug|x86.Build.0 = Debug|Any CPU
		{0F127B3B-9E9F-458B-A36F-5D4E693136AA}.Release|Any CPU.ActiveCfg = Release|Any CPU
		{0F127B3B-9E9F-458B-A36F-5D4E693136AA}.Release|Any CPU.Build.0 = Release|Any CPU
		{0F127B3B-9E9F-458B-A36F-5D4E693136AA}.Release|x86.ActiveCfg = Release|Any CPU
		{0F127B3B-9E9F-458B-A36F-5D4E693136AA}.Release|x86.Build.0 = Release|Any CPU
		{5FDEF270-7864-4A6A-BC86-6F92ED2B1000}.Debug|Any CPU.ActiveCfg = Debug|Any CPU
		{5FDEF270-7864-4A6A-BC86-6F92ED2B1000}.Debug|Any CPU.Build.0 = Debug|Any CPU
		{5FDEF270-7864-4A6A-BC86-6F92ED2B1000}.Debug|x86.ActiveCfg = Debug|Any CPU
		{5FDEF270-7864-4A6A-BC86-6F92ED2B1000}.Debug|x86.Build.0 = Debug|Any CPU
		{5FDEF270-7864-4A6A-BC86-6F92ED2B1000}.Release|Any CPU.ActiveCfg = Release|Any CPU
		{5FDEF270-7864-4A6A-BC86-6F92ED2B1000}.Release|Any CPU.Build.0 = Release|Any CPU
		{5FDEF270-7864-4A6A-BC86-6F92ED2B1000}.Release|x86.ActiveCfg = Release|Any CPU
		{5FDEF270-7864-4A6A-BC86-6F92ED2B1000}.Release|x86.Build.0 = Release|Any CPU
		{3BA6E7D9-3DFA-4576-A851-6E4C6AD1C686}.Debug|Any CPU.ActiveCfg = Debug|Any CPU
		{3BA6E7D9-3DFA-4576-A851-6E4C6AD1C686}.Debug|Any CPU.Build.0 = Debug|Any CPU
		{3BA6E7D9-3DFA-4576-A851-6E4C6AD1C686}.Debug|x86.ActiveCfg = Debug|Any CPU
		{3BA6E7D9-3DFA-4576-A851-6E4C6AD1C686}.Debug|x86.Build.0 = Debug|Any CPU
		{3BA6E7D9-3DFA-4576-A851-6E4C6AD1C686}.Release|Any CPU.ActiveCfg = Release|Any CPU
		{3BA6E7D9-3DFA-4576-A851-6E4C6AD1C686}.Release|Any CPU.Build.0 = Release|Any CPU
		{3BA6E7D9-3DFA-4576-A851-6E4C6AD1C686}.Release|x86.ActiveCfg = Release|Any CPU
		{3BA6E7D9-3DFA-4576-A851-6E4C6AD1C686}.Release|x86.Build.0 = Release|Any CPU
		{DE4CCB95-5614-4E54-B11B-4B1BA260DF59}.Debug|Any CPU.ActiveCfg = Debug|Any CPU
		{DE4CCB95-5614-4E54-B11B-4B1BA260DF59}.Debug|Any CPU.Build.0 = Debug|Any CPU
		{DE4CCB95-5614-4E54-B11B-4B1BA260DF59}.Debug|x86.ActiveCfg = Debug|Any CPU
		{DE4CCB95-5614-4E54-B11B-4B1BA260DF59}.Debug|x86.Build.0 = Debug|Any CPU
		{DE4CCB95-5614-4E54-B11B-4B1BA260DF59}.Release|Any CPU.ActiveCfg = Release|Any CPU
		{DE4CCB95-5614-4E54-B11B-4B1BA260DF59}.Release|Any CPU.Build.0 = Release|Any CPU
		{DE4CCB95-5614-4E54-B11B-4B1BA260DF59}.Release|x86.ActiveCfg = Release|Any CPU
		{DE4CCB95-5614-4E54-B11B-4B1BA260DF59}.Release|x86.Build.0 = Release|Any CPU
		{3E9D02B6-C6C0-4484-BDFF-A3194ADC6FBB}.Debug|Any CPU.ActiveCfg = Debug|Any CPU
		{3E9D02B6-C6C0-4484-BDFF-A3194ADC6FBB}.Debug|Any CPU.Build.0 = Debug|Any CPU
		{3E9D02B6-C6C0-4484-BDFF-A3194ADC6FBB}.Debug|x86.ActiveCfg = Debug|Any CPU
		{3E9D02B6-C6C0-4484-BDFF-A3194ADC6FBB}.Debug|x86.Build.0 = Debug|Any CPU
		{3E9D02B6-C6C0-4484-BDFF-A3194ADC6FBB}.Release|Any CPU.ActiveCfg = Release|Any CPU
		{3E9D02B6-C6C0-4484-BDFF-A3194ADC6FBB}.Release|Any CPU.Build.0 = Release|Any CPU
		{3E9D02B6-C6C0-4484-BDFF-A3194ADC6FBB}.Release|x86.ActiveCfg = Release|Any CPU
		{3E9D02B6-C6C0-4484-BDFF-A3194ADC6FBB}.Release|x86.Build.0 = Release|Any CPU
		{FB516B04-5AE1-4F82-81E9-B7AAEB13AE58}.Debug|Any CPU.ActiveCfg = Debug|Any CPU
		{FB516B04-5AE1-4F82-81E9-B7AAEB13AE58}.Debug|Any CPU.Build.0 = Debug|Any CPU
		{FB516B04-5AE1-4F82-81E9-B7AAEB13AE58}.Debug|x86.ActiveCfg = Debug|Any CPU
		{FB516B04-5AE1-4F82-81E9-B7AAEB13AE58}.Debug|x86.Build.0 = Debug|Any CPU
		{FB516B04-5AE1-4F82-81E9-B7AAEB13AE58}.Release|Any CPU.ActiveCfg = Release|Any CPU
		{FB516B04-5AE1-4F82-81E9-B7AAEB13AE58}.Release|Any CPU.Build.0 = Release|Any CPU
		{FB516B04-5AE1-4F82-81E9-B7AAEB13AE58}.Release|x86.ActiveCfg = Release|Any CPU
		{FB516B04-5AE1-4F82-81E9-B7AAEB13AE58}.Release|x86.Build.0 = Release|Any CPU
		{FEEDB0CF-1934-4F23-AABD-E69F0500642B}.Debug|Any CPU.ActiveCfg = Debug|Any CPU
		{FEEDB0CF-1934-4F23-AABD-E69F0500642B}.Debug|Any CPU.Build.0 = Debug|Any CPU
		{FEEDB0CF-1934-4F23-AABD-E69F0500642B}.Debug|x86.ActiveCfg = Debug|Any CPU
		{FEEDB0CF-1934-4F23-AABD-E69F0500642B}.Debug|x86.Build.0 = Debug|Any CPU
		{FEEDB0CF-1934-4F23-AABD-E69F0500642B}.Release|Any CPU.ActiveCfg = Release|Any CPU
		{FEEDB0CF-1934-4F23-AABD-E69F0500642B}.Release|Any CPU.Build.0 = Release|Any CPU
		{FEEDB0CF-1934-4F23-AABD-E69F0500642B}.Release|x86.ActiveCfg = Release|Any CPU
		{FEEDB0CF-1934-4F23-AABD-E69F0500642B}.Release|x86.Build.0 = Release|Any CPU
		{AF3D71FA-3112-4474-978E-96A55F47A1CE}.Debug|Any CPU.ActiveCfg = Debug|Any CPU
		{AF3D71FA-3112-4474-978E-96A55F47A1CE}.Debug|Any CPU.Build.0 = Debug|Any CPU
		{AF3D71FA-3112-4474-978E-96A55F47A1CE}.Debug|x86.ActiveCfg = Debug|Any CPU
		{AF3D71FA-3112-4474-978E-96A55F47A1CE}.Debug|x86.Build.0 = Debug|Any CPU
		{AF3D71FA-3112-4474-978E-96A55F47A1CE}.Release|Any CPU.ActiveCfg = Release|Any CPU
		{AF3D71FA-3112-4474-978E-96A55F47A1CE}.Release|Any CPU.Build.0 = Release|Any CPU
		{AF3D71FA-3112-4474-978E-96A55F47A1CE}.Release|x86.ActiveCfg = Release|Any CPU
		{AF3D71FA-3112-4474-978E-96A55F47A1CE}.Release|x86.Build.0 = Release|Any CPU
		{81D3C620-E616-4AE9-B688-0B2E00923F29}.Debug|Any CPU.ActiveCfg = Debug|Any CPU
		{81D3C620-E616-4AE9-B688-0B2E00923F29}.Debug|Any CPU.Build.0 = Debug|Any CPU
		{81D3C620-E616-4AE9-B688-0B2E00923F29}.Debug|x86.ActiveCfg = Debug|Any CPU
		{81D3C620-E616-4AE9-B688-0B2E00923F29}.Debug|x86.Build.0 = Debug|Any CPU
		{81D3C620-E616-4AE9-B688-0B2E00923F29}.Release|Any CPU.ActiveCfg = Release|Any CPU
		{81D3C620-E616-4AE9-B688-0B2E00923F29}.Release|Any CPU.Build.0 = Release|Any CPU
		{81D3C620-E616-4AE9-B688-0B2E00923F29}.Release|x86.ActiveCfg = Release|Any CPU
		{81D3C620-E616-4AE9-B688-0B2E00923F29}.Release|x86.Build.0 = Release|Any CPU
		{B5B4C313-98BC-4806-A465-1E2FB7FF712E}.Debug|Any CPU.ActiveCfg = Debug|Any CPU
		{B5B4C313-98BC-4806-A465-1E2FB7FF712E}.Debug|Any CPU.Build.0 = Debug|Any CPU
		{B5B4C313-98BC-4806-A465-1E2FB7FF712E}.Debug|x86.ActiveCfg = Debug|Any CPU
		{B5B4C313-98BC-4806-A465-1E2FB7FF712E}.Debug|x86.Build.0 = Debug|Any CPU
		{B5B4C313-98BC-4806-A465-1E2FB7FF712E}.Release|Any CPU.ActiveCfg = Release|Any CPU
		{B5B4C313-98BC-4806-A465-1E2FB7FF712E}.Release|Any CPU.Build.0 = Release|Any CPU
		{B5B4C313-98BC-4806-A465-1E2FB7FF712E}.Release|x86.ActiveCfg = Release|Any CPU
		{B5B4C313-98BC-4806-A465-1E2FB7FF712E}.Release|x86.Build.0 = Release|Any CPU
		{F031A6C6-03A4-4C68-949F-F93647E10359}.Debug|Any CPU.ActiveCfg = Debug|Any CPU
		{F031A6C6-03A4-4C68-949F-F93647E10359}.Debug|Any CPU.Build.0 = Debug|Any CPU
		{F031A6C6-03A4-4C68-949F-F93647E10359}.Debug|x86.ActiveCfg = Debug|Any CPU
		{F031A6C6-03A4-4C68-949F-F93647E10359}.Debug|x86.Build.0 = Debug|Any CPU
		{F031A6C6-03A4-4C68-949F-F93647E10359}.Release|Any CPU.ActiveCfg = Release|Any CPU
		{F031A6C6-03A4-4C68-949F-F93647E10359}.Release|Any CPU.Build.0 = Release|Any CPU
		{F031A6C6-03A4-4C68-949F-F93647E10359}.Release|x86.ActiveCfg = Release|Any CPU
		{F031A6C6-03A4-4C68-949F-F93647E10359}.Release|x86.Build.0 = Release|Any CPU
		{FDB6C18B-CD37-46A4-9366-153405A98B5F}.Debug|Any CPU.ActiveCfg = Debug|Any CPU
		{FDB6C18B-CD37-46A4-9366-153405A98B5F}.Debug|Any CPU.Build.0 = Debug|Any CPU
		{FDB6C18B-CD37-46A4-9366-153405A98B5F}.Debug|x86.ActiveCfg = Debug|Any CPU
		{FDB6C18B-CD37-46A4-9366-153405A98B5F}.Debug|x86.Build.0 = Debug|Any CPU
		{FDB6C18B-CD37-46A4-9366-153405A98B5F}.Release|Any CPU.ActiveCfg = Release|Any CPU
		{FDB6C18B-CD37-46A4-9366-153405A98B5F}.Release|Any CPU.Build.0 = Release|Any CPU
		{FDB6C18B-CD37-46A4-9366-153405A98B5F}.Release|x86.ActiveCfg = Release|Any CPU
		{FDB6C18B-CD37-46A4-9366-153405A98B5F}.Release|x86.Build.0 = Release|Any CPU
		{E4AF81D8-2A09-4D06-8DB2-2307B0A8B55F}.Debug|Any CPU.ActiveCfg = Debug|Any CPU
		{E4AF81D8-2A09-4D06-8DB2-2307B0A8B55F}.Debug|Any CPU.Build.0 = Debug|Any CPU
		{E4AF81D8-2A09-4D06-8DB2-2307B0A8B55F}.Debug|x86.ActiveCfg = Debug|Any CPU
		{E4AF81D8-2A09-4D06-8DB2-2307B0A8B55F}.Debug|x86.Build.0 = Debug|Any CPU
		{E4AF81D8-2A09-4D06-8DB2-2307B0A8B55F}.Release|Any CPU.ActiveCfg = Release|Any CPU
		{E4AF81D8-2A09-4D06-8DB2-2307B0A8B55F}.Release|Any CPU.Build.0 = Release|Any CPU
		{E4AF81D8-2A09-4D06-8DB2-2307B0A8B55F}.Release|x86.ActiveCfg = Release|Any CPU
		{E4AF81D8-2A09-4D06-8DB2-2307B0A8B55F}.Release|x86.Build.0 = Release|Any CPU
		{A535D6CB-0A54-47D6-9D61-82651B38948E}.Debug|Any CPU.ActiveCfg = Debug|Any CPU
		{A535D6CB-0A54-47D6-9D61-82651B38948E}.Debug|Any CPU.Build.0 = Debug|Any CPU
		{A535D6CB-0A54-47D6-9D61-82651B38948E}.Debug|x86.ActiveCfg = Debug|Any CPU
		{A535D6CB-0A54-47D6-9D61-82651B38948E}.Debug|x86.Build.0 = Debug|Any CPU
		{A535D6CB-0A54-47D6-9D61-82651B38948E}.Release|Any CPU.ActiveCfg = Release|Any CPU
		{A535D6CB-0A54-47D6-9D61-82651B38948E}.Release|Any CPU.Build.0 = Release|Any CPU
		{A535D6CB-0A54-47D6-9D61-82651B38948E}.Release|x86.ActiveCfg = Release|Any CPU
		{A535D6CB-0A54-47D6-9D61-82651B38948E}.Release|x86.Build.0 = Release|Any CPU
		{5CACC9B6-646E-4966-8BFB-85C6C99F9FE9}.Debug|Any CPU.ActiveCfg = Debug|Any CPU
		{5CACC9B6-646E-4966-8BFB-85C6C99F9FE9}.Debug|Any CPU.Build.0 = Debug|Any CPU
		{5CACC9B6-646E-4966-8BFB-85C6C99F9FE9}.Debug|x86.ActiveCfg = Debug|Any CPU
		{5CACC9B6-646E-4966-8BFB-85C6C99F9FE9}.Debug|x86.Build.0 = Debug|Any CPU
		{5CACC9B6-646E-4966-8BFB-85C6C99F9FE9}.Release|Any CPU.ActiveCfg = Release|Any CPU
		{5CACC9B6-646E-4966-8BFB-85C6C99F9FE9}.Release|Any CPU.Build.0 = Release|Any CPU
		{5CACC9B6-646E-4966-8BFB-85C6C99F9FE9}.Release|x86.ActiveCfg = Release|Any CPU
		{5CACC9B6-646E-4966-8BFB-85C6C99F9FE9}.Release|x86.Build.0 = Release|Any CPU
		{CC0D7563-07DF-4270-A3BE-AA5C42F6F4DB}.Debug|Any CPU.ActiveCfg = Debug|Any CPU
		{CC0D7563-07DF-4270-A3BE-AA5C42F6F4DB}.Debug|Any CPU.Build.0 = Debug|Any CPU
		{CC0D7563-07DF-4270-A3BE-AA5C42F6F4DB}.Debug|x86.ActiveCfg = Debug|Any CPU
		{CC0D7563-07DF-4270-A3BE-AA5C42F6F4DB}.Debug|x86.Build.0 = Debug|Any CPU
		{CC0D7563-07DF-4270-A3BE-AA5C42F6F4DB}.Release|Any CPU.ActiveCfg = Release|Any CPU
		{CC0D7563-07DF-4270-A3BE-AA5C42F6F4DB}.Release|Any CPU.Build.0 = Release|Any CPU
		{CC0D7563-07DF-4270-A3BE-AA5C42F6F4DB}.Release|x86.ActiveCfg = Release|Any CPU
		{CC0D7563-07DF-4270-A3BE-AA5C42F6F4DB}.Release|x86.Build.0 = Release|Any CPU
		{16B985FE-C614-40CA-8E31-9E64AE322DD4}.Debug|Any CPU.ActiveCfg = Debug|Any CPU
		{16B985FE-C614-40CA-8E31-9E64AE322DD4}.Debug|Any CPU.Build.0 = Debug|Any CPU
		{16B985FE-C614-40CA-8E31-9E64AE322DD4}.Debug|x86.ActiveCfg = Debug|Any CPU
		{16B985FE-C614-40CA-8E31-9E64AE322DD4}.Debug|x86.Build.0 = Debug|Any CPU
		{16B985FE-C614-40CA-8E31-9E64AE322DD4}.Release|Any CPU.ActiveCfg = Release|Any CPU
		{16B985FE-C614-40CA-8E31-9E64AE322DD4}.Release|Any CPU.Build.0 = Release|Any CPU
		{16B985FE-C614-40CA-8E31-9E64AE322DD4}.Release|x86.ActiveCfg = Release|Any CPU
		{16B985FE-C614-40CA-8E31-9E64AE322DD4}.Release|x86.Build.0 = Release|Any CPU
		{81978320-376F-47B7-BDD0-7C259BA7FD5D}.Debug|Any CPU.ActiveCfg = Debug|Any CPU
		{81978320-376F-47B7-BDD0-7C259BA7FD5D}.Debug|Any CPU.Build.0 = Debug|Any CPU
		{81978320-376F-47B7-BDD0-7C259BA7FD5D}.Debug|x86.ActiveCfg = Debug|Any CPU
		{81978320-376F-47B7-BDD0-7C259BA7FD5D}.Debug|x86.Build.0 = Debug|Any CPU
		{81978320-376F-47B7-BDD0-7C259BA7FD5D}.Release|Any CPU.ActiveCfg = Release|Any CPU
		{81978320-376F-47B7-BDD0-7C259BA7FD5D}.Release|Any CPU.Build.0 = Release|Any CPU
		{81978320-376F-47B7-BDD0-7C259BA7FD5D}.Release|x86.ActiveCfg = Release|Any CPU
		{81978320-376F-47B7-BDD0-7C259BA7FD5D}.Release|x86.Build.0 = Release|Any CPU
		{0FC982C5-F9C3-48AC-B8F0-37C08A5FCFD4}.Debug|Any CPU.ActiveCfg = Debug|Any CPU
		{0FC982C5-F9C3-48AC-B8F0-37C08A5FCFD4}.Debug|Any CPU.Build.0 = Debug|Any CPU
		{0FC982C5-F9C3-48AC-B8F0-37C08A5FCFD4}.Debug|x86.ActiveCfg = Debug|Any CPU
		{0FC982C5-F9C3-48AC-B8F0-37C08A5FCFD4}.Debug|x86.Build.0 = Debug|Any CPU
		{0FC982C5-F9C3-48AC-B8F0-37C08A5FCFD4}.Release|Any CPU.ActiveCfg = Release|Any CPU
		{0FC982C5-F9C3-48AC-B8F0-37C08A5FCFD4}.Release|Any CPU.Build.0 = Release|Any CPU
		{0FC982C5-F9C3-48AC-B8F0-37C08A5FCFD4}.Release|x86.ActiveCfg = Release|Any CPU
		{0FC982C5-F9C3-48AC-B8F0-37C08A5FCFD4}.Release|x86.Build.0 = Release|Any CPU
		{B7BECE01-40B2-445E-BC7D-13ED34502693}.Debug|Any CPU.ActiveCfg = Debug|Any CPU
		{B7BECE01-40B2-445E-BC7D-13ED34502693}.Debug|Any CPU.Build.0 = Debug|Any CPU
		{B7BECE01-40B2-445E-BC7D-13ED34502693}.Debug|x86.ActiveCfg = Debug|Any CPU
		{B7BECE01-40B2-445E-BC7D-13ED34502693}.Debug|x86.Build.0 = Debug|Any CPU
		{B7BECE01-40B2-445E-BC7D-13ED34502693}.Release|Any CPU.ActiveCfg = Release|Any CPU
		{B7BECE01-40B2-445E-BC7D-13ED34502693}.Release|Any CPU.Build.0 = Release|Any CPU
		{B7BECE01-40B2-445E-BC7D-13ED34502693}.Release|x86.ActiveCfg = Release|Any CPU
		{B7BECE01-40B2-445E-BC7D-13ED34502693}.Release|x86.Build.0 = Release|Any CPU
		{8B08411E-6606-460E-86D7-BE727C53BDDC}.Debug|Any CPU.ActiveCfg = Debug|Any CPU
		{8B08411E-6606-460E-86D7-BE727C53BDDC}.Debug|Any CPU.Build.0 = Debug|Any CPU
		{8B08411E-6606-460E-86D7-BE727C53BDDC}.Debug|x86.ActiveCfg = Debug|Any CPU
		{8B08411E-6606-460E-86D7-BE727C53BDDC}.Debug|x86.Build.0 = Debug|Any CPU
		{8B08411E-6606-460E-86D7-BE727C53BDDC}.Release|Any CPU.ActiveCfg = Release|Any CPU
		{8B08411E-6606-460E-86D7-BE727C53BDDC}.Release|Any CPU.Build.0 = Release|Any CPU
		{8B08411E-6606-460E-86D7-BE727C53BDDC}.Release|x86.ActiveCfg = Release|Any CPU
		{8B08411E-6606-460E-86D7-BE727C53BDDC}.Release|x86.Build.0 = Release|Any CPU
		{6453B740-6A57-44A8-AB16-16E8E740161D}.Debug|Any CPU.ActiveCfg = Debug|Any CPU
		{6453B740-6A57-44A8-AB16-16E8E740161D}.Debug|Any CPU.Build.0 = Debug|Any CPU
		{6453B740-6A57-44A8-AB16-16E8E740161D}.Debug|x86.ActiveCfg = Debug|Any CPU
		{6453B740-6A57-44A8-AB16-16E8E740161D}.Debug|x86.Build.0 = Debug|Any CPU
		{6453B740-6A57-44A8-AB16-16E8E740161D}.Release|Any CPU.ActiveCfg = Release|Any CPU
		{6453B740-6A57-44A8-AB16-16E8E740161D}.Release|Any CPU.Build.0 = Release|Any CPU
		{6453B740-6A57-44A8-AB16-16E8E740161D}.Release|x86.ActiveCfg = Release|Any CPU
		{6453B740-6A57-44A8-AB16-16E8E740161D}.Release|x86.Build.0 = Release|Any CPU
		{3B3D4793-0BB6-486F-BCA7-DF9D2EFD2E6A}.Debug|Any CPU.ActiveCfg = Debug|Any CPU
		{3B3D4793-0BB6-486F-BCA7-DF9D2EFD2E6A}.Debug|Any CPU.Build.0 = Debug|Any CPU
		{3B3D4793-0BB6-486F-BCA7-DF9D2EFD2E6A}.Debug|x86.ActiveCfg = Debug|Any CPU
		{3B3D4793-0BB6-486F-BCA7-DF9D2EFD2E6A}.Debug|x86.Build.0 = Debug|Any CPU
		{3B3D4793-0BB6-486F-BCA7-DF9D2EFD2E6A}.Release|Any CPU.ActiveCfg = Release|Any CPU
		{3B3D4793-0BB6-486F-BCA7-DF9D2EFD2E6A}.Release|Any CPU.Build.0 = Release|Any CPU
		{3B3D4793-0BB6-486F-BCA7-DF9D2EFD2E6A}.Release|x86.ActiveCfg = Release|Any CPU
		{3B3D4793-0BB6-486F-BCA7-DF9D2EFD2E6A}.Release|x86.Build.0 = Release|Any CPU
		{189E4C6C-3DFF-4BD7-B3F6-4CCE381DAA9D}.Debug|Any CPU.ActiveCfg = Debug|Any CPU
		{189E4C6C-3DFF-4BD7-B3F6-4CCE381DAA9D}.Debug|Any CPU.Build.0 = Debug|Any CPU
		{189E4C6C-3DFF-4BD7-B3F6-4CCE381DAA9D}.Debug|x86.ActiveCfg = Debug|Any CPU
		{189E4C6C-3DFF-4BD7-B3F6-4CCE381DAA9D}.Debug|x86.Build.0 = Debug|Any CPU
		{189E4C6C-3DFF-4BD7-B3F6-4CCE381DAA9D}.Release|Any CPU.ActiveCfg = Release|Any CPU
		{189E4C6C-3DFF-4BD7-B3F6-4CCE381DAA9D}.Release|Any CPU.Build.0 = Release|Any CPU
		{189E4C6C-3DFF-4BD7-B3F6-4CCE381DAA9D}.Release|x86.ActiveCfg = Release|Any CPU
		{189E4C6C-3DFF-4BD7-B3F6-4CCE381DAA9D}.Release|x86.Build.0 = Release|Any CPU
		{C7AB7804-4DC6-47D7-9771-C1A50399CD5B}.Debug|Any CPU.ActiveCfg = Debug|Any CPU
		{C7AB7804-4DC6-47D7-9771-C1A50399CD5B}.Debug|Any CPU.Build.0 = Debug|Any CPU
		{C7AB7804-4DC6-47D7-9771-C1A50399CD5B}.Debug|x86.ActiveCfg = Debug|Any CPU
		{C7AB7804-4DC6-47D7-9771-C1A50399CD5B}.Debug|x86.Build.0 = Debug|Any CPU
		{C7AB7804-4DC6-47D7-9771-C1A50399CD5B}.Release|Any CPU.ActiveCfg = Release|Any CPU
		{C7AB7804-4DC6-47D7-9771-C1A50399CD5B}.Release|Any CPU.Build.0 = Release|Any CPU
		{C7AB7804-4DC6-47D7-9771-C1A50399CD5B}.Release|x86.ActiveCfg = Release|Any CPU
		{C7AB7804-4DC6-47D7-9771-C1A50399CD5B}.Release|x86.Build.0 = Release|Any CPU
	EndGlobalSection
	GlobalSection(SolutionProperties) = preSolution
		HideSolutionNode = FALSE
	EndGlobalSection
	GlobalSection(NestedProjects) = preSolution
		{DB0B872A-4375-4BCB-AD18-F0EBCB0BDAE8} = {FED23559-90C9-4846-8C62-AF5E1936DEB9}
		{73F24718-E616-4680-A82A-0B43FF064A85} = {EBC17A9A-D279-48E6-A3D9-BAA52625AB6B}
		{9581FC4A-361D-48C9-99F7-7826DAFD992E} = {EBC17A9A-D279-48E6-A3D9-BAA52625AB6B}
		{E64C6B70-35BD-422C-9EEF-A0A2E4F4DDFB} = {1EF8CA97-5594-441C-9CEE-A731B1BED388}
		{19C3C8DB-438A-47DC-B56C-5DCC7D69E318} = {1EF8CA97-5594-441C-9CEE-A731B1BED388}
		{A0FE1F08-D413-4CD0-AAFB-45EFB2382504} = {EBC17A9A-D279-48E6-A3D9-BAA52625AB6B}
		{DB223E8F-1440-458F-9091-D4454463F326} = {DCC42609-184A-460D-8778-7A8A0634064E}
		{648B0371-B409-44CF-AF78-E07E617D8828} = {FED23559-90C9-4846-8C62-AF5E1936DEB9}
		{ACE327D0-A08B-431E-A422-ABAA4BA73AC7} = {1EF8CA97-5594-441C-9CEE-A731B1BED388}
		{814D29AF-A6CA-4BBD-87CE-4EF3F8EA3484} = {DCC42609-184A-460D-8778-7A8A0634064E}
		{EA8B8C2F-3235-41DC-ABA4-17CFDF0575C7} = {1EF8CA97-5594-441C-9CEE-A731B1BED388}
		{3A4DD8DC-AB42-432B-A05B-3898CA7CF88D} = {DCC42609-184A-460D-8778-7A8A0634064E}
		{8DA3A1C9-F4AD-4417-B816-D5F6288B31FB} = {1EF8CA97-5594-441C-9CEE-A731B1BED388}
		{5F9D7CED-6588-4ACD-9567-1C2AE816D505} = {DCC42609-184A-460D-8778-7A8A0634064E}
		{8F16722C-44CC-4222-BA81-7C4887E00C08} = {DCC42609-184A-460D-8778-7A8A0634064E}
		{56EC4F35-5575-471F-AB72-A2F50AD221B4} = {1EF8CA97-5594-441C-9CEE-A731B1BED388}
		{F984650F-3A2C-466D-B504-229141595FB1} = {89326278-7D54-4225-B412-FAB3E8A2F05C}
		{D62F435E-60DB-4B26-B198-280E24DEE49D} = {89326278-7D54-4225-B412-FAB3E8A2F05C}
		{443EBE44-4B7D-47C0-967E-33B402CB6422} = {DCC42609-184A-460D-8778-7A8A0634064E}
		{ED2A45EE-5021-41EE-8FC9-54653BF5BB11} = {89326278-7D54-4225-B412-FAB3E8A2F05C}
		{7D911130-3795-46ED-BF86-AF06FCB4C1AF} = {1EF8CA97-5594-441C-9CEE-A731B1BED388}
		{5E967A6A-2AEB-49A1-9046-9AE917659708} = {1EF8CA97-5594-441C-9CEE-A731B1BED388}
		{C1A96FA7-5ECF-481A-AE18-0851C8B886DA} = {F601F9A0-53C2-41AC-AFBC-0C51FC34100D}
		{B298C60F-AC9E-43E6-9025-2A52E7286289} = {F601F9A0-53C2-41AC-AFBC-0C51FC34100D}
		{252338DE-0E16-4E59-AC65-01BA7689D9F4} = {1EF8CA97-5594-441C-9CEE-A731B1BED388}
		{5146E1D3-CA38-4744-AB14-E4A6BFFF33CC} = {EBC17A9A-D279-48E6-A3D9-BAA52625AB6B}
		{D58923B3-F6D6-4743-BB5E-2A6197EB6971} = {DCC42609-184A-460D-8778-7A8A0634064E}
		{206C03F2-8E9F-4979-9929-260E773449C4} = {89326278-7D54-4225-B412-FAB3E8A2F05C}
		{D2E71206-80A8-49BD-99EC-2B4AD1A2D0D0} = {916B2B93-CD7C-4E19-92F1-76E20450BB28}
		{73A69AE5-6D8B-4A36-A677-237259E6C96C} = {1D168955-872E-4AE9-93CC-66233135576F}
		{7A6DED46-0CBD-4078-B20D-9D3C720B614E} = {89326278-7D54-4225-B412-FAB3E8A2F05C}
		{4678177D-7BD1-42D5-86D6-512CC7AAD501} = {7A6DED46-0CBD-4078-B20D-9D3C720B614E}
		{860852AB-7ECE-438D-9D26-023867F11D9A} = {89326278-7D54-4225-B412-FAB3E8A2F05C}
		{9A5D0B36-4E67-4C9F-82D4-56356F1D01E4} = {860852AB-7ECE-438D-9D26-023867F11D9A}
		{0F928469-5038-4471-A6D4-5A2BAB75253E} = {1EF8CA97-5594-441C-9CEE-A731B1BED388}
		{0F127B3B-9E9F-458B-A36F-5D4E693136AA} = {860852AB-7ECE-438D-9D26-023867F11D9A}
		{916B2B93-CD7C-4E19-92F1-76E20450BB28} = {210D9F49-5D2E-4B63-898B-9DA78D1631BB}
		{5FDEF270-7864-4A6A-BC86-6F92ED2B1000} = {916B2B93-CD7C-4E19-92F1-76E20450BB28}
		{3BA6E7D9-3DFA-4576-A851-6E4C6AD1C686} = {FED23559-90C9-4846-8C62-AF5E1936DEB9}
		{DE4CCB95-5614-4E54-B11B-4B1BA260DF59} = {113114E8-A411-47B6-B666-177B62F7BA46}
		{3E9D02B6-C6C0-4484-BDFF-A3194ADC6FBB} = {113114E8-A411-47B6-B666-177B62F7BA46}
		{FB516B04-5AE1-4F82-81E9-B7AAEB13AE58} = {113114E8-A411-47B6-B666-177B62F7BA46}
		{FEEDB0CF-1934-4F23-AABD-E69F0500642B} = {1EF8CA97-5594-441C-9CEE-A731B1BED388}
		{AF3D71FA-3112-4474-978E-96A55F47A1CE} = {C106EB72-7AFD-4086-8DF9-0509A589370D}
		{81D3C620-E616-4AE9-B688-0B2E00923F29} = {206C03F2-8E9F-4979-9929-260E773449C4}
		{B5B4C313-98BC-4806-A465-1E2FB7FF712E} = {860852AB-7ECE-438D-9D26-023867F11D9A}
		{F031A6C6-03A4-4C68-949F-F93647E10359} = {916B2B93-CD7C-4E19-92F1-76E20450BB28}
		{FDB6C18B-CD37-46A4-9366-153405A98B5F} = {916B2B93-CD7C-4E19-92F1-76E20450BB28}
		{72FF63ED-FC98-4F5A-BC1A-66C51E703A60} = {210D9F49-5D2E-4B63-898B-9DA78D1631BB}
		{E4AF81D8-2A09-4D06-8DB2-2307B0A8B55F} = {72FF63ED-FC98-4F5A-BC1A-66C51E703A60}
		{A535D6CB-0A54-47D6-9D61-82651B38948E} = {860852AB-7ECE-438D-9D26-023867F11D9A}
		{155F2EC0-ED38-4DBF-831E-E38206C93560} = {89326278-7D54-4225-B412-FAB3E8A2F05C}
		{5CACC9B6-646E-4966-8BFB-85C6C99F9FE9} = {155F2EC0-ED38-4DBF-831E-E38206C93560}
		{891DEFD7-3627-4362-8537-39B55C41874D} = {89326278-7D54-4225-B412-FAB3E8A2F05C}
		{CC0D7563-07DF-4270-A3BE-AA5C42F6F4DB} = {891DEFD7-3627-4362-8537-39B55C41874D}
		{16B985FE-C614-40CA-8E31-9E64AE322DD4} = {89326278-7D54-4225-B412-FAB3E8A2F05C}
		{81978320-376F-47B7-BDD0-7C259BA7FD5D} = {1EF8CA97-5594-441C-9CEE-A731B1BED388}
		{0FC982C5-F9C3-48AC-B8F0-37C08A5FCFD4} = {1EF8CA97-5594-441C-9CEE-A731B1BED388}
		{B7BECE01-40B2-445E-BC7D-13ED34502693} = {EBC17A9A-D279-48E6-A3D9-BAA52625AB6B}
		{8B08411E-6606-460E-86D7-BE727C53BDDC} = {EBC17A9A-D279-48E6-A3D9-BAA52625AB6B}
		{6453B740-6A57-44A8-AB16-16E8E740161D} = {916B2B93-CD7C-4E19-92F1-76E20450BB28}
		{7F1C31D5-AEA6-4CDF-9A24-61AF8B7510F2} = {210D9F49-5D2E-4B63-898B-9DA78D1631BB}
		{3B3D4793-0BB6-486F-BCA7-DF9D2EFD2E6A} = {3D227225-4D5A-4C17-B5D5-A3681C8EEC99}
		{189E4C6C-3DFF-4BD7-B3F6-4CCE381DAA9D} = {DCC42609-184A-460D-8778-7A8A0634064E}
		{C7AB7804-4DC6-47D7-9771-C1A50399CD5B} = {7F1C31D5-AEA6-4CDF-9A24-61AF8B7510F2}
	EndGlobalSection
EndGlobal
