
Microsoft Visual Studio Solution File, Format Version 12.00
# Visual Studio 14
VisualStudioVersion = 14.0.23107.0
MinimumVisualStudioVersion = 10.0.40219.1
Project("{2150E333-8FDC-42A3-9474-1A3956D46DE8}") = "00Schemal", "00Schemal", "{0D654FEA-8FB1-47D2-A6FC-ABAD4F460A1B}"
	ProjectSection(SolutionItems) = preProject
		..\..\..\04重新后的学习资料\02各类资料整理\Spring.Net\Spring.NET-2.0.0-M1\Spring.NET\doc\schema\spring-objects-1.3.xsd = ..\..\..\04重新后的学习资料\02各类资料整理\Spring.Net\Spring.NET-2.0.0-M1\Spring.NET\doc\schema\spring-objects-1.3.xsd
	EndProjectSection
EndProject
Project("{2150E333-8FDC-42A3-9474-1A3956D46DE8}") = "01UI", "01UI", "{DCC42609-184A-460D-8778-7A8A0634064E}"
EndProject
Project("{2150E333-8FDC-42A3-9474-1A3956D46DE8}") = "02Service", "02Service", "{1EF8CA97-5594-441C-9CEE-A731B1BED388}"
EndProject
Project("{2150E333-8FDC-42A3-9474-1A3956D46DE8}") = "03Respositry", "03Respositry", "{EBC17A9A-D279-48E6-A3D9-BAA52625AB6B}"
EndProject
Project("{2150E333-8FDC-42A3-9474-1A3956D46DE8}") = "04Intrastructure", "04Intrastructure", "{FED23559-90C9-4846-8C62-AF5E1936DEB9}"
EndProject
Project("{FAE04EC0-301F-11D3-BF4B-00C04F79EFBC}") = "PMS.Model", "PMS.Model\PMS.Model.csproj", "{DB0B872A-4375-4BCB-AD18-F0EBCB0BDAE8}"
EndProject
Project("{FAE04EC0-301F-11D3-BF4B-00C04F79EFBC}") = "PMS.DALSQLSer", "PMS.DALSQLSer\PMS.DALSQLSer.csproj", "{73F24718-E616-4680-A82A-0B43FF064A85}"
EndProject
Project("{FAE04EC0-301F-11D3-BF4B-00C04F79EFBC}") = "PMS.IDAL", "PMS.IDAL\PMS.IDAL.csproj", "{9581FC4A-361D-48C9-99F7-7826DAFD992E}"
EndProject
Project("{FAE04EC0-301F-11D3-BF4B-00C04F79EFBC}") = "PMS.BLL", "PMS.BLL\PMS.BLL.csproj", "{E64C6B70-35BD-422C-9EEF-A0A2E4F4DDFB}"
EndProject
Project("{FAE04EC0-301F-11D3-BF4B-00C04F79EFBC}") = "PMS.IBLL", "PMS.IBLL\PMS.IBLL.csproj", "{19C3C8DB-438A-47DC-B56C-5DCC7D69E318}"
EndProject
Project("{FAE04EC0-301F-11D3-BF4B-00C04F79EFBC}") = "PMS.DALFactory", "PMS.DALFactory\PMS.DALFactory.csproj", "{A0FE1F08-D413-4CD0-AAFB-45EFB2382504}"
EndProject
Project("{FAE04EC0-301F-11D3-BF4B-00C04F79EFBC}") = "SMSOA", "SMSOA\SMSOA.csproj", "{DB223E8F-1440-458F-9091-D4454463F326}"
EndProject
Project("{FAE04EC0-301F-11D3-BF4B-00C04F79EFBC}") = "Common", "Common\Common.csproj", "{648B0371-B409-44CF-AF78-E07E617D8828}"
EndProject
Project("{FAE04EC0-301F-11D3-BF4B-00C04F79EFBC}") = "SMSFactory", "SMSSession\SMSFactory.csproj", "{ACE327D0-A08B-431E-A422-ABAA4BA73AC7}"
EndProject
Project("{FAE04EC0-301F-11D3-BF4B-00C04F79EFBC}") = "SMSSendDemo", "SMSSendDemo\SMSSendDemo.csproj", "{814D29AF-A6CA-4BBD-87CE-4EF3F8EA3484}"
EndProject
Project("{FAE04EC0-301F-11D3-BF4B-00C04F79EFBC}") = "ISMS", "ISMS\ISMS.csproj", "{EA8B8C2F-3235-41DC-ABA4-17CFDF0575C7}"
EndProject
Project("{FAE04EC0-301F-11D3-BF4B-00C04F79EFBC}") = "SMSbackground", "ConsoleApplication1\SMSbackground.csproj", "{3A4DD8DC-AB42-432B-A05B-3898CA7CF88D}"
EndProject
Project("{FAE04EC0-301F-11D3-BF4B-00C04F79EFBC}") = "RedisFactory", "RedisFactory\RedisFactory.csproj", "{8DA3A1C9-F4AD-4417-B816-D5F6288B31FB}"
EndProject
Project("{FAE04EC0-301F-11D3-BF4B-00C04F79EFBC}") = "PersonImporting", "PersonImporting\PersonImporting.csproj", "{5F9D7CED-6588-4ACD-9567-1C2AE816D505}"
EndProject
Project("{FAE04EC0-301F-11D3-BF4B-00C04F79EFBC}") = "Test", "Test\Test.csproj", "{8F16722C-44CC-4222-BA81-7C4887E00C08}"
EndProject
Project("{FAE04EC0-301F-11D3-BF4B-00C04F79EFBC}") = "RecycledFactory", "RecycledFactory\RecycledFactory.csproj", "{56EC4F35-5575-471F-AB72-A2F50AD221B4}"
EndProject
Project("{FAE04EC0-301F-11D3-BF4B-00C04F79EFBC}") = "WFTest", "WFTest\WFTest.csproj", "{F984650F-3A2C-466D-B504-229141595FB1}"
EndProject
Project("{2150E333-8FDC-42A3-9474-1A3956D46DE8}") = "99Demo", "99Demo", "{89326278-7D54-4225-B412-FAB3E8A2F05C}"
EndProject
Project("{FAE04EC0-301F-11D3-BF4B-00C04F79EFBC}") = "QueryDemo", "QueryDemo\QueryDemo.csproj", "{D62F435E-60DB-4B26-B198-280E24DEE49D}"
EndProject
Project("{FAE04EC0-301F-11D3-BF4B-00C04F79EFBC}") = "SMSbackgroun_QueryHistoryRedis", "SMSbackgroun_QueryHistoryRedis\SMSbackgroun_QueryHistoryRedis.csproj", "{443EBE44-4B7D-47C0-967E-33B402CB6422}"
EndProject
Project("{FAE04EC0-301F-11D3-BF4B-00C04F79EFBC}") = "RedisDemo", "RedisDemo\RedisDemo.csproj", "{ED2A45EE-5021-41EE-8FC9-54653BF5BB11}"
EndProject
Project("{FAE04EC0-301F-11D3-BF4B-00C04F79EFBC}") = "IFactoryBLL", "IFactoryBLL\IFactoryBLL.csproj", "{7D911130-3795-46ED-BF86-AF06FCB4C1AF}"
EndProject
Project("{FAE04EC0-301F-11D3-BF4B-00C04F79EFBC}") = "WFFactory", "WFFactory\WFFactory.csproj", "{5E967A6A-2AEB-49A1-9046-9AE917659708}"
EndProject
Project("{2150E333-8FDC-42A3-9474-1A3956D46DE8}") = "05Background", "05Background", "{F601F9A0-53C2-41AC-AFBC-0C51FC34100D}"
EndProject
Project("{FAE04EC0-301F-11D3-BF4B-00C04F79EFBC}") = "QueryClient", "QueryClient\QueryClient.csproj", "{C1A96FA7-5ECF-481A-AE18-0851C8B886DA}"
EndProject
Project("{FAE04EC0-301F-11D3-BF4B-00C04F79EFBC}") = "SMSbacground_MainQuery", "SMSbacground_MainQuery\SMSbacground_MainQuery.csproj", "{B298C60F-AC9E-43E6-9025-2A52E7286289}"
EndProject
Project("{FAE04EC0-301F-11D3-BF4B-00C04F79EFBC}") = "PMS.DALRedis", "PMS.DALRedis\PMS.DALRedis.csproj", "{7E1BDD54-9E8E-4AC8-BC12-6D2D77D2C4A1}"
EndProject
Project("{FAE04EC0-301F-11D3-BF4B-00C04F79EFBC}") = "PMS.BLLRedis", "PMS.BLLRedis\PMS.BLLRedis.csproj", "{252338DE-0E16-4E59-AC65-01BA7689D9F4}"
EndProject
Global
	GlobalSection(SolutionConfigurationPlatforms) = preSolution
		Debug|Any CPU = Debug|Any CPU
		Debug|x86 = Debug|x86
		Release|Any CPU = Release|Any CPU
		Release|x86 = Release|x86
	EndGlobalSection
	GlobalSection(ProjectConfigurationPlatforms) = postSolution
		{DB0B872A-4375-4BCB-AD18-F0EBCB0BDAE8}.Debug|Any CPU.ActiveCfg = Debug|Any CPU
		{DB0B872A-4375-4BCB-AD18-F0EBCB0BDAE8}.Debug|Any CPU.Build.0 = Debug|Any CPU
		{DB0B872A-4375-4BCB-AD18-F0EBCB0BDAE8}.Debug|x86.ActiveCfg = Debug|Any CPU
		{DB0B872A-4375-4BCB-AD18-F0EBCB0BDAE8}.Debug|x86.Build.0 = Debug|Any CPU
		{DB0B872A-4375-4BCB-AD18-F0EBCB0BDAE8}.Release|Any CPU.ActiveCfg = Release|Any CPU
		{DB0B872A-4375-4BCB-AD18-F0EBCB0BDAE8}.Release|Any CPU.Build.0 = Release|Any CPU
		{DB0B872A-4375-4BCB-AD18-F0EBCB0BDAE8}.Release|x86.ActiveCfg = Release|Any CPU
		{DB0B872A-4375-4BCB-AD18-F0EBCB0BDAE8}.Release|x86.Build.0 = Release|Any CPU
		{73F24718-E616-4680-A82A-0B43FF064A85}.Debug|Any CPU.ActiveCfg = Debug|Any CPU
		{73F24718-E616-4680-A82A-0B43FF064A85}.Debug|Any CPU.Build.0 = Debug|Any CPU
		{73F24718-E616-4680-A82A-0B43FF064A85}.Debug|x86.ActiveCfg = Debug|Any CPU
		{73F24718-E616-4680-A82A-0B43FF064A85}.Debug|x86.Build.0 = Debug|Any CPU
		{73F24718-E616-4680-A82A-0B43FF064A85}.Release|Any CPU.ActiveCfg = Release|Any CPU
		{73F24718-E616-4680-A82A-0B43FF064A85}.Release|Any CPU.Build.0 = Release|Any CPU
		{73F24718-E616-4680-A82A-0B43FF064A85}.Release|x86.ActiveCfg = Release|Any CPU
		{73F24718-E616-4680-A82A-0B43FF064A85}.Release|x86.Build.0 = Release|Any CPU
		{9581FC4A-361D-48C9-99F7-7826DAFD992E}.Debug|Any CPU.ActiveCfg = Debug|Any CPU
		{9581FC4A-361D-48C9-99F7-7826DAFD992E}.Debug|Any CPU.Build.0 = Debug|Any CPU
		{9581FC4A-361D-48C9-99F7-7826DAFD992E}.Debug|x86.ActiveCfg = Debug|Any CPU
		{9581FC4A-361D-48C9-99F7-7826DAFD992E}.Debug|x86.Build.0 = Debug|Any CPU
		{9581FC4A-361D-48C9-99F7-7826DAFD992E}.Release|Any CPU.ActiveCfg = Release|Any CPU
		{9581FC4A-361D-48C9-99F7-7826DAFD992E}.Release|Any CPU.Build.0 = Release|Any CPU
		{9581FC4A-361D-48C9-99F7-7826DAFD992E}.Release|x86.ActiveCfg = Release|Any CPU
		{9581FC4A-361D-48C9-99F7-7826DAFD992E}.Release|x86.Build.0 = Release|Any CPU
		{E64C6B70-35BD-422C-9EEF-A0A2E4F4DDFB}.Debug|Any CPU.ActiveCfg = Debug|Any CPU
		{E64C6B70-35BD-422C-9EEF-A0A2E4F4DDFB}.Debug|Any CPU.Build.0 = Debug|Any CPU
		{E64C6B70-35BD-422C-9EEF-A0A2E4F4DDFB}.Debug|x86.ActiveCfg = Debug|Any CPU
		{E64C6B70-35BD-422C-9EEF-A0A2E4F4DDFB}.Debug|x86.Build.0 = Debug|Any CPU
		{E64C6B70-35BD-422C-9EEF-A0A2E4F4DDFB}.Release|Any CPU.ActiveCfg = Release|Any CPU
		{E64C6B70-35BD-422C-9EEF-A0A2E4F4DDFB}.Release|Any CPU.Build.0 = Release|Any CPU
		{E64C6B70-35BD-422C-9EEF-A0A2E4F4DDFB}.Release|x86.ActiveCfg = Release|Any CPU
		{E64C6B70-35BD-422C-9EEF-A0A2E4F4DDFB}.Release|x86.Build.0 = Release|Any CPU
		{19C3C8DB-438A-47DC-B56C-5DCC7D69E318}.Debug|Any CPU.ActiveCfg = Debug|Any CPU
		{19C3C8DB-438A-47DC-B56C-5DCC7D69E318}.Debug|Any CPU.Build.0 = Debug|Any CPU
		{19C3C8DB-438A-47DC-B56C-5DCC7D69E318}.Debug|x86.ActiveCfg = Debug|Any CPU
		{19C3C8DB-438A-47DC-B56C-5DCC7D69E318}.Debug|x86.Build.0 = Debug|Any CPU
		{19C3C8DB-438A-47DC-B56C-5DCC7D69E318}.Release|Any CPU.ActiveCfg = Release|Any CPU
		{19C3C8DB-438A-47DC-B56C-5DCC7D69E318}.Release|Any CPU.Build.0 = Release|Any CPU
		{19C3C8DB-438A-47DC-B56C-5DCC7D69E318}.Release|x86.ActiveCfg = Release|Any CPU
		{19C3C8DB-438A-47DC-B56C-5DCC7D69E318}.Release|x86.Build.0 = Release|Any CPU
		{A0FE1F08-D413-4CD0-AAFB-45EFB2382504}.Debug|Any CPU.ActiveCfg = Debug|Any CPU
		{A0FE1F08-D413-4CD0-AAFB-45EFB2382504}.Debug|Any CPU.Build.0 = Debug|Any CPU
		{A0FE1F08-D413-4CD0-AAFB-45EFB2382504}.Debug|x86.ActiveCfg = Debug|Any CPU
		{A0FE1F08-D413-4CD0-AAFB-45EFB2382504}.Debug|x86.Build.0 = Debug|Any CPU
		{A0FE1F08-D413-4CD0-AAFB-45EFB2382504}.Release|Any CPU.ActiveCfg = Release|Any CPU
		{A0FE1F08-D413-4CD0-AAFB-45EFB2382504}.Release|Any CPU.Build.0 = Release|Any CPU
		{A0FE1F08-D413-4CD0-AAFB-45EFB2382504}.Release|x86.ActiveCfg = Release|Any CPU
		{A0FE1F08-D413-4CD0-AAFB-45EFB2382504}.Release|x86.Build.0 = Release|Any CPU
		{DB223E8F-1440-458F-9091-D4454463F326}.Debug|Any CPU.ActiveCfg = Debug|Any CPU
		{DB223E8F-1440-458F-9091-D4454463F326}.Debug|Any CPU.Build.0 = Debug|Any CPU
		{DB223E8F-1440-458F-9091-D4454463F326}.Debug|x86.ActiveCfg = Debug|Any CPU
		{DB223E8F-1440-458F-9091-D4454463F326}.Debug|x86.Build.0 = Debug|Any CPU
		{DB223E8F-1440-458F-9091-D4454463F326}.Release|Any CPU.ActiveCfg = Release|Any CPU
		{DB223E8F-1440-458F-9091-D4454463F326}.Release|Any CPU.Build.0 = Release|Any CPU
		{DB223E8F-1440-458F-9091-D4454463F326}.Release|x86.ActiveCfg = Release|Any CPU
		{DB223E8F-1440-458F-9091-D4454463F326}.Release|x86.Build.0 = Release|Any CPU
		{648B0371-B409-44CF-AF78-E07E617D8828}.Debug|Any CPU.ActiveCfg = Debug|Any CPU
		{648B0371-B409-44CF-AF78-E07E617D8828}.Debug|Any CPU.Build.0 = Debug|Any CPU
		{648B0371-B409-44CF-AF78-E07E617D8828}.Debug|x86.ActiveCfg = Debug|Any CPU
		{648B0371-B409-44CF-AF78-E07E617D8828}.Debug|x86.Build.0 = Debug|Any CPU
		{648B0371-B409-44CF-AF78-E07E617D8828}.Release|Any CPU.ActiveCfg = Release|Any CPU
		{648B0371-B409-44CF-AF78-E07E617D8828}.Release|Any CPU.Build.0 = Release|Any CPU
		{648B0371-B409-44CF-AF78-E07E617D8828}.Release|x86.ActiveCfg = Release|Any CPU
		{648B0371-B409-44CF-AF78-E07E617D8828}.Release|x86.Build.0 = Release|Any CPU
		{ACE327D0-A08B-431E-A422-ABAA4BA73AC7}.Debug|Any CPU.ActiveCfg = Debug|Any CPU
		{ACE327D0-A08B-431E-A422-ABAA4BA73AC7}.Debug|Any CPU.Build.0 = Debug|Any CPU
		{ACE327D0-A08B-431E-A422-ABAA4BA73AC7}.Debug|x86.ActiveCfg = Debug|Any CPU
		{ACE327D0-A08B-431E-A422-ABAA4BA73AC7}.Debug|x86.Build.0 = Debug|Any CPU
		{ACE327D0-A08B-431E-A422-ABAA4BA73AC7}.Release|Any CPU.ActiveCfg = Release|Any CPU
		{ACE327D0-A08B-431E-A422-ABAA4BA73AC7}.Release|Any CPU.Build.0 = Release|Any CPU
		{ACE327D0-A08B-431E-A422-ABAA4BA73AC7}.Release|x86.ActiveCfg = Release|Any CPU
		{ACE327D0-A08B-431E-A422-ABAA4BA73AC7}.Release|x86.Build.0 = Release|Any CPU
		{814D29AF-A6CA-4BBD-87CE-4EF3F8EA3484}.Debug|Any CPU.ActiveCfg = Debug|Any CPU
		{814D29AF-A6CA-4BBD-87CE-4EF3F8EA3484}.Debug|Any CPU.Build.0 = Debug|Any CPU
		{814D29AF-A6CA-4BBD-87CE-4EF3F8EA3484}.Debug|x86.ActiveCfg = Debug|Any CPU
		{814D29AF-A6CA-4BBD-87CE-4EF3F8EA3484}.Debug|x86.Build.0 = Debug|Any CPU
		{814D29AF-A6CA-4BBD-87CE-4EF3F8EA3484}.Release|Any CPU.ActiveCfg = Release|Any CPU
		{814D29AF-A6CA-4BBD-87CE-4EF3F8EA3484}.Release|Any CPU.Build.0 = Release|Any CPU
		{814D29AF-A6CA-4BBD-87CE-4EF3F8EA3484}.Release|x86.ActiveCfg = Release|Any CPU
		{814D29AF-A6CA-4BBD-87CE-4EF3F8EA3484}.Release|x86.Build.0 = Release|Any CPU
		{EA8B8C2F-3235-41DC-ABA4-17CFDF0575C7}.Debug|Any CPU.ActiveCfg = Debug|Any CPU
		{EA8B8C2F-3235-41DC-ABA4-17CFDF0575C7}.Debug|Any CPU.Build.0 = Debug|Any CPU
		{EA8B8C2F-3235-41DC-ABA4-17CFDF0575C7}.Debug|x86.ActiveCfg = Debug|Any CPU
		{EA8B8C2F-3235-41DC-ABA4-17CFDF0575C7}.Debug|x86.Build.0 = Debug|Any CPU
		{EA8B8C2F-3235-41DC-ABA4-17CFDF0575C7}.Release|Any CPU.ActiveCfg = Release|Any CPU
		{EA8B8C2F-3235-41DC-ABA4-17CFDF0575C7}.Release|Any CPU.Build.0 = Release|Any CPU
		{EA8B8C2F-3235-41DC-ABA4-17CFDF0575C7}.Release|x86.ActiveCfg = Release|Any CPU
		{EA8B8C2F-3235-41DC-ABA4-17CFDF0575C7}.Release|x86.Build.0 = Release|Any CPU
		{3A4DD8DC-AB42-432B-A05B-3898CA7CF88D}.Debug|Any CPU.ActiveCfg = Debug|Any CPU
		{3A4DD8DC-AB42-432B-A05B-3898CA7CF88D}.Debug|Any CPU.Build.0 = Debug|Any CPU
		{3A4DD8DC-AB42-432B-A05B-3898CA7CF88D}.Debug|x86.ActiveCfg = Debug|Any CPU
		{3A4DD8DC-AB42-432B-A05B-3898CA7CF88D}.Debug|x86.Build.0 = Debug|Any CPU
		{3A4DD8DC-AB42-432B-A05B-3898CA7CF88D}.Release|Any CPU.ActiveCfg = Release|Any CPU
		{3A4DD8DC-AB42-432B-A05B-3898CA7CF88D}.Release|Any CPU.Build.0 = Release|Any CPU
		{3A4DD8DC-AB42-432B-A05B-3898CA7CF88D}.Release|x86.ActiveCfg = Release|Any CPU
		{3A4DD8DC-AB42-432B-A05B-3898CA7CF88D}.Release|x86.Build.0 = Release|Any CPU
		{8DA3A1C9-F4AD-4417-B816-D5F6288B31FB}.Debug|Any CPU.ActiveCfg = Debug|Any CPU
		{8DA3A1C9-F4AD-4417-B816-D5F6288B31FB}.Debug|Any CPU.Build.0 = Debug|Any CPU
		{8DA3A1C9-F4AD-4417-B816-D5F6288B31FB}.Debug|x86.ActiveCfg = Debug|Any CPU
		{8DA3A1C9-F4AD-4417-B816-D5F6288B31FB}.Debug|x86.Build.0 = Debug|Any CPU
		{8DA3A1C9-F4AD-4417-B816-D5F6288B31FB}.Release|Any CPU.ActiveCfg = Release|Any CPU
		{8DA3A1C9-F4AD-4417-B816-D5F6288B31FB}.Release|Any CPU.Build.0 = Release|Any CPU
		{8DA3A1C9-F4AD-4417-B816-D5F6288B31FB}.Release|x86.ActiveCfg = Release|Any CPU
		{8DA3A1C9-F4AD-4417-B816-D5F6288B31FB}.Release|x86.Build.0 = Release|Any CPU
		{5F9D7CED-6588-4ACD-9567-1C2AE816D505}.Debug|Any CPU.ActiveCfg = Debug|Any CPU
		{5F9D7CED-6588-4ACD-9567-1C2AE816D505}.Debug|Any CPU.Build.0 = Debug|Any CPU
		{5F9D7CED-6588-4ACD-9567-1C2AE816D505}.Debug|x86.ActiveCfg = Debug|Any CPU
		{5F9D7CED-6588-4ACD-9567-1C2AE816D505}.Debug|x86.Build.0 = Debug|Any CPU
		{5F9D7CED-6588-4ACD-9567-1C2AE816D505}.Release|Any CPU.ActiveCfg = Release|Any CPU
		{5F9D7CED-6588-4ACD-9567-1C2AE816D505}.Release|Any CPU.Build.0 = Release|Any CPU
		{5F9D7CED-6588-4ACD-9567-1C2AE816D505}.Release|x86.ActiveCfg = Release|Any CPU
		{5F9D7CED-6588-4ACD-9567-1C2AE816D505}.Release|x86.Build.0 = Release|Any CPU
		{8F16722C-44CC-4222-BA81-7C4887E00C08}.Debug|Any CPU.ActiveCfg = Debug|Any CPU
		{8F16722C-44CC-4222-BA81-7C4887E00C08}.Debug|Any CPU.Build.0 = Debug|Any CPU
		{8F16722C-44CC-4222-BA81-7C4887E00C08}.Debug|x86.ActiveCfg = Debug|Any CPU
		{8F16722C-44CC-4222-BA81-7C4887E00C08}.Debug|x86.Build.0 = Debug|Any CPU
		{8F16722C-44CC-4222-BA81-7C4887E00C08}.Release|Any CPU.ActiveCfg = Release|Any CPU
		{8F16722C-44CC-4222-BA81-7C4887E00C08}.Release|Any CPU.Build.0 = Release|Any CPU
		{8F16722C-44CC-4222-BA81-7C4887E00C08}.Release|x86.ActiveCfg = Release|Any CPU
		{8F16722C-44CC-4222-BA81-7C4887E00C08}.Release|x86.Build.0 = Release|Any CPU
		{56EC4F35-5575-471F-AB72-A2F50AD221B4}.Debug|Any CPU.ActiveCfg = Debug|Any CPU
		{56EC4F35-5575-471F-AB72-A2F50AD221B4}.Debug|Any CPU.Build.0 = Debug|Any CPU
		{56EC4F35-5575-471F-AB72-A2F50AD221B4}.Debug|x86.ActiveCfg = Debug|Any CPU
		{56EC4F35-5575-471F-AB72-A2F50AD221B4}.Debug|x86.Build.0 = Debug|Any CPU
		{56EC4F35-5575-471F-AB72-A2F50AD221B4}.Release|Any CPU.ActiveCfg = Release|Any CPU
		{56EC4F35-5575-471F-AB72-A2F50AD221B4}.Release|Any CPU.Build.0 = Release|Any CPU
		{56EC4F35-5575-471F-AB72-A2F50AD221B4}.Release|x86.ActiveCfg = Release|Any CPU
		{56EC4F35-5575-471F-AB72-A2F50AD221B4}.Release|x86.Build.0 = Release|Any CPU
		{F984650F-3A2C-466D-B504-229141595FB1}.Debug|Any CPU.ActiveCfg = Debug|x86
		{F984650F-3A2C-466D-B504-229141595FB1}.Debug|x86.ActiveCfg = Debug|x86
		{F984650F-3A2C-466D-B504-229141595FB1}.Debug|x86.Build.0 = Debug|x86
		{F984650F-3A2C-466D-B504-229141595FB1}.Release|Any CPU.ActiveCfg = Release|x86
		{F984650F-3A2C-466D-B504-229141595FB1}.Release|x86.ActiveCfg = Release|x86
		{F984650F-3A2C-466D-B504-229141595FB1}.Release|x86.Build.0 = Release|x86
		{D62F435E-60DB-4B26-B198-280E24DEE49D}.Debug|Any CPU.ActiveCfg = Debug|Any CPU
		{D62F435E-60DB-4B26-B198-280E24DEE49D}.Debug|Any CPU.Build.0 = Debug|Any CPU
		{D62F435E-60DB-4B26-B198-280E24DEE49D}.Debug|x86.ActiveCfg = Debug|Any CPU
		{D62F435E-60DB-4B26-B198-280E24DEE49D}.Debug|x86.Build.0 = Debug|Any CPU
		{D62F435E-60DB-4B26-B198-280E24DEE49D}.Release|Any CPU.ActiveCfg = Release|Any CPU
		{D62F435E-60DB-4B26-B198-280E24DEE49D}.Release|Any CPU.Build.0 = Release|Any CPU
		{D62F435E-60DB-4B26-B198-280E24DEE49D}.Release|x86.ActiveCfg = Release|Any CPU
		{D62F435E-60DB-4B26-B198-280E24DEE49D}.Release|x86.Build.0 = Release|Any CPU
		{443EBE44-4B7D-47C0-967E-33B402CB6422}.Debug|Any CPU.ActiveCfg = Debug|Any CPU
		{443EBE44-4B7D-47C0-967E-33B402CB6422}.Debug|Any CPU.Build.0 = Debug|Any CPU
		{443EBE44-4B7D-47C0-967E-33B402CB6422}.Debug|x86.ActiveCfg = Debug|Any CPU
		{443EBE44-4B7D-47C0-967E-33B402CB6422}.Debug|x86.Build.0 = Debug|Any CPU
		{443EBE44-4B7D-47C0-967E-33B402CB6422}.Release|Any CPU.ActiveCfg = Release|Any CPU
		{443EBE44-4B7D-47C0-967E-33B402CB6422}.Release|Any CPU.Build.0 = Release|Any CPU
		{443EBE44-4B7D-47C0-967E-33B402CB6422}.Release|x86.ActiveCfg = Release|Any CPU
		{443EBE44-4B7D-47C0-967E-33B402CB6422}.Release|x86.Build.0 = Release|Any CPU
		{ED2A45EE-5021-41EE-8FC9-54653BF5BB11}.Debug|Any CPU.ActiveCfg = Debug|Any CPU
		{ED2A45EE-5021-41EE-8FC9-54653BF5BB11}.Debug|Any CPU.Build.0 = Debug|Any CPU
		{ED2A45EE-5021-41EE-8FC9-54653BF5BB11}.Debug|x86.ActiveCfg = Debug|Any CPU
		{ED2A45EE-5021-41EE-8FC9-54653BF5BB11}.Debug|x86.Build.0 = Debug|Any CPU
		{ED2A45EE-5021-41EE-8FC9-54653BF5BB11}.Release|Any CPU.ActiveCfg = Release|Any CPU
		{ED2A45EE-5021-41EE-8FC9-54653BF5BB11}.Release|Any CPU.Build.0 = Release|Any CPU
		{ED2A45EE-5021-41EE-8FC9-54653BF5BB11}.Release|x86.ActiveCfg = Release|Any CPU
		{ED2A45EE-5021-41EE-8FC9-54653BF5BB11}.Release|x86.Build.0 = Release|Any CPU
		{7D911130-3795-46ED-BF86-AF06FCB4C1AF}.Debug|Any CPU.ActiveCfg = Debug|Any CPU
		{7D911130-3795-46ED-BF86-AF06FCB4C1AF}.Debug|Any CPU.Build.0 = Debug|Any CPU
		{7D911130-3795-46ED-BF86-AF06FCB4C1AF}.Debug|x86.ActiveCfg = Debug|Any CPU
		{7D911130-3795-46ED-BF86-AF06FCB4C1AF}.Debug|x86.Build.0 = Debug|Any CPU
		{7D911130-3795-46ED-BF86-AF06FCB4C1AF}.Release|Any CPU.ActiveCfg = Release|Any CPU
		{7D911130-3795-46ED-BF86-AF06FCB4C1AF}.Release|Any CPU.Build.0 = Release|Any CPU
		{7D911130-3795-46ED-BF86-AF06FCB4C1AF}.Release|x86.ActiveCfg = Release|Any CPU
		{7D911130-3795-46ED-BF86-AF06FCB4C1AF}.Release|x86.Build.0 = Release|Any CPU
		{5E967A6A-2AEB-49A1-9046-9AE917659708}.Debug|Any CPU.ActiveCfg = Debug|Any CPU
		{5E967A6A-2AEB-49A1-9046-9AE917659708}.Debug|Any CPU.Build.0 = Debug|Any CPU
		{5E967A6A-2AEB-49A1-9046-9AE917659708}.Debug|x86.ActiveCfg = Debug|Any CPU
		{5E967A6A-2AEB-49A1-9046-9AE917659708}.Debug|x86.Build.0 = Debug|Any CPU
		{5E967A6A-2AEB-49A1-9046-9AE917659708}.Release|Any CPU.ActiveCfg = Release|Any CPU
		{5E967A6A-2AEB-49A1-9046-9AE917659708}.Release|Any CPU.Build.0 = Release|Any CPU
		{5E967A6A-2AEB-49A1-9046-9AE917659708}.Release|x86.ActiveCfg = Release|Any CPU
		{5E967A6A-2AEB-49A1-9046-9AE917659708}.Release|x86.Build.0 = Release|Any CPU
		{C1A96FA7-5ECF-481A-AE18-0851C8B886DA}.Debug|Any CPU.ActiveCfg = Debug|Any CPU
		{C1A96FA7-5ECF-481A-AE18-0851C8B886DA}.Debug|Any CPU.Build.0 = Debug|Any CPU
		{C1A96FA7-5ECF-481A-AE18-0851C8B886DA}.Debug|x86.ActiveCfg = Debug|Any CPU
		{C1A96FA7-5ECF-481A-AE18-0851C8B886DA}.Debug|x86.Build.0 = Debug|Any CPU
		{C1A96FA7-5ECF-481A-AE18-0851C8B886DA}.Release|Any CPU.ActiveCfg = Release|Any CPU
		{C1A96FA7-5ECF-481A-AE18-0851C8B886DA}.Release|Any CPU.Build.0 = Release|Any CPU
		{C1A96FA7-5ECF-481A-AE18-0851C8B886DA}.Release|x86.ActiveCfg = Release|Any CPU
		{C1A96FA7-5ECF-481A-AE18-0851C8B886DA}.Release|x86.Build.0 = Release|Any CPU
		{B298C60F-AC9E-43E6-9025-2A52E7286289}.Debug|Any CPU.ActiveCfg = Debug|Any CPU
		{B298C60F-AC9E-43E6-9025-2A52E7286289}.Debug|Any CPU.Build.0 = Debug|Any CPU
		{B298C60F-AC9E-43E6-9025-2A52E7286289}.Debug|x86.ActiveCfg = Debug|Any CPU
		{B298C60F-AC9E-43E6-9025-2A52E7286289}.Debug|x86.Build.0 = Debug|Any CPU
		{B298C60F-AC9E-43E6-9025-2A52E7286289}.Release|Any CPU.ActiveCfg = Release|Any CPU
		{B298C60F-AC9E-43E6-9025-2A52E7286289}.Release|Any CPU.Build.0 = Release|Any CPU
		{B298C60F-AC9E-43E6-9025-2A52E7286289}.Release|x86.ActiveCfg = Release|Any CPU
		{B298C60F-AC9E-43E6-9025-2A52E7286289}.Release|x86.Build.0 = Release|Any CPU
		{7E1BDD54-9E8E-4AC8-BC12-6D2D77D2C4A1}.Debug|Any CPU.ActiveCfg = Debug|Any CPU
		{7E1BDD54-9E8E-4AC8-BC12-6D2D77D2C4A1}.Debug|Any CPU.Build.0 = Debug|Any CPU
		{7E1BDD54-9E8E-4AC8-BC12-6D2D77D2C4A1}.Debug|x86.ActiveCfg = Debug|Any CPU
		{7E1BDD54-9E8E-4AC8-BC12-6D2D77D2C4A1}.Debug|x86.Build.0 = Debug|Any CPU
		{7E1BDD54-9E8E-4AC8-BC12-6D2D77D2C4A1}.Release|Any CPU.ActiveCfg = Release|Any CPU
		{7E1BDD54-9E8E-4AC8-BC12-6D2D77D2C4A1}.Release|Any CPU.Build.0 = Release|Any CPU
		{7E1BDD54-9E8E-4AC8-BC12-6D2D77D2C4A1}.Release|x86.ActiveCfg = Release|Any CPU
		{7E1BDD54-9E8E-4AC8-BC12-6D2D77D2C4A1}.Release|x86.Build.0 = Release|Any CPU
		{252338DE-0E16-4E59-AC65-01BA7689D9F4}.Debug|Any CPU.ActiveCfg = Debug|Any CPU
		{252338DE-0E16-4E59-AC65-01BA7689D9F4}.Debug|Any CPU.Build.0 = Debug|Any CPU
		{252338DE-0E16-4E59-AC65-01BA7689D9F4}.Debug|x86.ActiveCfg = Debug|Any CPU
		{252338DE-0E16-4E59-AC65-01BA7689D9F4}.Debug|x86.Build.0 = Debug|Any CPU
		{252338DE-0E16-4E59-AC65-01BA7689D9F4}.Release|Any CPU.ActiveCfg = Release|Any CPU
		{252338DE-0E16-4E59-AC65-01BA7689D9F4}.Release|Any CPU.Build.0 = Release|Any CPU
		{252338DE-0E16-4E59-AC65-01BA7689D9F4}.Release|x86.ActiveCfg = Release|Any CPU
		{252338DE-0E16-4E59-AC65-01BA7689D9F4}.Release|x86.Build.0 = Release|Any CPU
	EndGlobalSection
	GlobalSection(SolutionProperties) = preSolution
		HideSolutionNode = FALSE
	EndGlobalSection
	GlobalSection(NestedProjects) = preSolution
		{DB0B872A-4375-4BCB-AD18-F0EBCB0BDAE8} = {FED23559-90C9-4846-8C62-AF5E1936DEB9}
		{73F24718-E616-4680-A82A-0B43FF064A85} = {EBC17A9A-D279-48E6-A3D9-BAA52625AB6B}
		{9581FC4A-361D-48C9-99F7-7826DAFD992E} = {EBC17A9A-D279-48E6-A3D9-BAA52625AB6B}
		{E64C6B70-35BD-422C-9EEF-A0A2E4F4DDFB} = {1EF8CA97-5594-441C-9CEE-A731B1BED388}
		{19C3C8DB-438A-47DC-B56C-5DCC7D69E318} = {1EF8CA97-5594-441C-9CEE-A731B1BED388}
		{A0FE1F08-D413-4CD0-AAFB-45EFB2382504} = {EBC17A9A-D279-48E6-A3D9-BAA52625AB6B}
		{DB223E8F-1440-458F-9091-D4454463F326} = {DCC42609-184A-460D-8778-7A8A0634064E}
		{648B0371-B409-44CF-AF78-E07E617D8828} = {FED23559-90C9-4846-8C62-AF5E1936DEB9}
		{ACE327D0-A08B-431E-A422-ABAA4BA73AC7} = {1EF8CA97-5594-441C-9CEE-A731B1BED388}
		{814D29AF-A6CA-4BBD-87CE-4EF3F8EA3484} = {DCC42609-184A-460D-8778-7A8A0634064E}
		{EA8B8C2F-3235-41DC-ABA4-17CFDF0575C7} = {1EF8CA97-5594-441C-9CEE-A731B1BED388}
		{3A4DD8DC-AB42-432B-A05B-3898CA7CF88D} = {DCC42609-184A-460D-8778-7A8A0634064E}
		{8DA3A1C9-F4AD-4417-B816-D5F6288B31FB} = {1EF8CA97-5594-441C-9CEE-A731B1BED388}
		{5F9D7CED-6588-4ACD-9567-1C2AE816D505} = {DCC42609-184A-460D-8778-7A8A0634064E}
		{8F16722C-44CC-4222-BA81-7C4887E00C08} = {DCC42609-184A-460D-8778-7A8A0634064E}
		{56EC4F35-5575-471F-AB72-A2F50AD221B4} = {1EF8CA97-5594-441C-9CEE-A731B1BED388}
		{F984650F-3A2C-466D-B504-229141595FB1} = {89326278-7D54-4225-B412-FAB3E8A2F05C}
		{D62F435E-60DB-4B26-B198-280E24DEE49D} = {89326278-7D54-4225-B412-FAB3E8A2F05C}
		{443EBE44-4B7D-47C0-967E-33B402CB6422} = {DCC42609-184A-460D-8778-7A8A0634064E}
		{ED2A45EE-5021-41EE-8FC9-54653BF5BB11} = {89326278-7D54-4225-B412-FAB3E8A2F05C}
		{7D911130-3795-46ED-BF86-AF06FCB4C1AF} = {1EF8CA97-5594-441C-9CEE-A731B1BED388}
		{5E967A6A-2AEB-49A1-9046-9AE917659708} = {1EF8CA97-5594-441C-9CEE-A731B1BED388}
		{C1A96FA7-5ECF-481A-AE18-0851C8B886DA} = {F601F9A0-53C2-41AC-AFBC-0C51FC34100D}
		{B298C60F-AC9E-43E6-9025-2A52E7286289} = {F601F9A0-53C2-41AC-AFBC-0C51FC34100D}
		{7E1BDD54-9E8E-4AC8-BC12-6D2D77D2C4A1} = {EBC17A9A-D279-48E6-A3D9-BAA52625AB6B}
		{252338DE-0E16-4E59-AC65-01BA7689D9F4} = {1EF8CA97-5594-441C-9CEE-A731B1BED388}
	EndGlobalSection
EndGlobal
